
Microsoft Visual Studio Solution File, Format Version 12.00
# Visual Studio 15
VisualStudioVersion = 15.0.28307.168
MinimumVisualStudioVersion = 10.0.40219.1
Project("{8BC9CEB8-8B4A-11D0-8D11-00A0C91BC942}") = "Scratch1", "Scratch1\Scratch1.vcxproj", "{84B12321-45BF-4C29-9FC7-57F131FF02DC}"
EndProject
Project("{8BC9CEB8-8B4A-11D0-8D11-00A0C91BC942}") = "test23", "test23\test23.vcxproj", "{F9DC7905-D00A-4C58-8909-6FEFAC1146B7}"
EndProject
Project("{8BC9CEB8-8B4A-11D0-8D11-00A0C91BC942}") = "test21", "test21\test21.vcxproj", "{E7F41278-EA63-4C8C-896C-3CC68F9C3F0A}"
EndProject
Project("{8BC9CEB8-8B4A-11D0-8D11-00A0C91BC942}") = "test22", "test22\test22.vcxproj", "{E795C021-F44F-466C-9F9B-377D253D17FF}"
EndProject
Project("{8BC9CEB8-8B4A-11D0-8D11-00A0C91BC942}") = "UTF", "UTF\UTF.vcxproj", "{EBA16258-1ACF-4739-AEC1-B8D0041D0773}"
EndProject
Project("{8BC9CEB8-8B4A-11D0-8D11-00A0C91BC942}") = "Interval", "test24\test24.vcxproj", "{FC63D288-1292-48E2-83FC-FA082C170779}"
EndProject
Project("{8BC9CEB8-8B4A-11D0-8D11-00A0C91BC942}") = "accu_flt", "accu_flt\accu_flt.vcxproj", "{F4A87ED3-0DD8-4489-BF6F-E8D78871D7C9}"
EndProject
Project("{8BC9CEB8-8B4A-11D0-8D11-00A0C91BC942}") = "Polymorphy1", "Polymorphy1\Polymorphy1.vcxproj", "{19A3F9BC-17D6-4D2E-89C6-180E3A20B5F2}"
EndProject
Project("{8BC9CEB8-8B4A-11D0-8D11-00A0C91BC942}") = "accu_II", "accu_II\accu_II.vcxproj", "{A50E507B-A564-4664-B712-FB90867CA1E4}"
EndProject
Project("{8BC9CEB8-8B4A-11D0-8D11-00A0C91BC942}") = "geo1", "geo1\geo1.vcxproj", "{9C4D7DE6-59C9-4256-B76B-0EBA3E4BF106}"
EndProject
Project("{8BC9CEB8-8B4A-11D0-8D11-00A0C91BC942}") = "scratch", "scratch\scratch.vcxproj", "{F945D4E9-EC9B-4B91-84FB-9172015C0E42}"
EndProject
Project("{8BC9CEB8-8B4A-11D0-8D11-00A0C91BC942}") = "filter", "filter\filter.vcxproj", "{08E3173E-B84B-4747-942D-7ABD0310259A}"
EndProject
Project("{2150E333-8FDC-42A3-9474-1A3956D46DE8}") = "filter_tut", "filter_tut", "{F5F2283E-DCAF-45B2-8368-96DB24E4CA75}"
	ProjectSection(SolutionItems) = preProject
		filter_tut\container_traits.h = filter_tut\container_traits.h
	EndProjectSection
EndProject
Project("{8BC9CEB8-8B4A-11D0-8D11-00A0C91BC942}") = "tut0", "filter_tut\tut0\tut0.vcxproj", "{0EA44AE8-56A0-402B-853E-A859ABEDEF70}"
EndProject
Project("{8BC9CEB8-8B4A-11D0-8D11-00A0C91BC942}") = "tut1", "filter_tut\tut1\tut1.vcxproj", "{18B34292-145C-48A2-A023-C1ADE630FFFB}"
EndProject
Project("{8BC9CEB8-8B4A-11D0-8D11-00A0C91BC942}") = "tut2", "filter_tut\tut2\tut2.vcxproj", "{DBD4690C-2AB9-4291-85ED-1691AD626BA3}"
EndProject
Project("{8BC9CEB8-8B4A-11D0-8D11-00A0C91BC942}") = "tut3", "filter_tut\tut3\tut3.vcxproj", "{322E5D56-6455-44CD-A783-542E1B0A192B}"
EndProject
Project("{8BC9CEB8-8B4A-11D0-8D11-00A0C91BC942}") = "iota++", "iota++\iota++.vcxproj", "{0FEC6AF2-B4CB-4C88-967E-61C92A142B9A}"
EndProject
Project("{8BC9CEB8-8B4A-11D0-8D11-00A0C91BC942}") = "heap_test", "heap_test\heap_test.vcxproj", "{9D48EDBE-5304-4E6A-A811-FAC9320031BD}"
EndProject
Project("{8BC9CEB8-8B4A-11D0-8D11-00A0C91BC942}") = "test25", "test25\test25.vcxproj", "{96A00D25-D428-43FE-8A4A-9D1CDBAF7203}"
EndProject
Project("{8BC9CEB8-8B4A-11D0-8D11-00A0C91BC942}") = "test26", "test26\test26.vcxproj", "{5C4F0D35-57DD-4A5B-A1B2-C3F6DF41EA1C}"
EndProject
Project("{2150E333-8FDC-42A3-9474-1A3956D46DE8}") = "priority", "priority", "{987D4799-024A-46DF-9776-9155758ADB40}"
EndProject
Project("{8BC9CEB8-8B4A-11D0-8D11-00A0C91BC942}") = "prio1", "prio1\prio1.vcxproj", "{FDFF491C-7808-411A-A842-3FDA5BF07A9A}"
EndProject
Project("{8BC9CEB8-8B4A-11D0-8D11-00A0C91BC942}") = "prio2", "prio2\prio2.vcxproj", "{91495839-3B95-46A5-AB6E-B8D135059188}"
EndProject
Project("{8BC9CEB8-8B4A-11D0-8D11-00A0C91BC942}") = "prio3", "prio3\prio3.vcxproj", "{0E771A40-7737-408F-A484-EA3FDB9C9DB3}"
EndProject
Project("{8BC9CEB8-8B4A-11D0-8D11-00A0C91BC942}") = "ConsoleApplication1", "ConsoleApplication1\ConsoleApplication1.vcxproj", "{CC2071B0-C6BE-4B3E-843E-2852F6CB31F0}"
EndProject
Project("{8BC9CEB8-8B4A-11D0-8D11-00A0C91BC942}") = "Qt1", "Qt1\Qt1.vcxproj", "{B12702AD-ABFB-343A-A199-8E24837244A3}"
EndProject
Project("{8BC9CEB8-8B4A-11D0-8D11-00A0C91BC942}") = "UniquePtr", "UniquePtr\UniquePtr.vcxproj", "{778E53D3-491A-4D10-A5D1-276F4EF60EFA}"
EndProject
Project("{8BC9CEB8-8B4A-11D0-8D11-00A0C91BC942}") = "spaceshipsim", "spaceshipsim\spaceshipsim.vcxproj", "{9BAEE40E-A1EB-4D3C-977C-D39CF7D63844}"
EndProject
Project("{8BC9CEB8-8B4A-11D0-8D11-00A0C91BC942}") = "prio4", "prio4\prio4.vcxproj", "{79B21077-0E2B-4A37-ABF4-D9933D75FDD1}"
EndProject
Project("{8BC9CEB8-8B4A-11D0-8D11-00A0C91BC942}") = "test_05.07.19", "test_05.07.19\test_05.07.19.vcxproj", "{B7458B6B-5CD2-458C-BC27-8896125724BE}"
EndProject
Project("{8BC9CEB8-8B4A-11D0-8D11-00A0C91BC942}") = "test_19.07.19", "test_19.07.19\test_19.07.19.vcxproj", "{B9DC25FF-DB0E-47AB-B2CE-93AA03F817E4}"
EndProject
Project("{8BC9CEB8-8B4A-11D0-8D11-00A0C91BC942}") = "VectAbstrUPtr", "VectAbstrUPtr\VectAbstrUPtr.vcxproj", "{16578DE7-6352-4DB8-9794-ED842CE4CF00}"
EndProject
Project("{8BC9CEB8-8B4A-11D0-8D11-00A0C91BC942}") = "logger", "logger\logger.vcxproj", "{9250D288-BF8E-461D-8107-3E1ECA833601}"
EndProject
Project("{8BC9CEB8-8B4A-11D0-8D11-00A0C91BC942}") = "plus_with_trafo", "plus_with_trafo\plus_with_trafo.vcxproj", "{5025F9E9-3D81-4840-AC81-38B4E7C4D015}"
EndProject
Project("{8BC9CEB8-8B4A-11D0-8D11-00A0C91BC942}") = "attributes", "attributes\attributes.vcxproj", "{62447CEF-F8EF-47C6-B94E-19FD6C59DF5E}"
EndProject
Project("{8BC9CEB8-8B4A-11D0-8D11-00A0C91BC942}") = "boost_variant", "boost_variant\boost_variant.vcxproj", "{C09AA160-DA47-435A-9D65-6F067C2F40D4}"
EndProject
Project("{8BC9CEB8-8B4A-11D0-8D11-00A0C91BC942}") = "overload", "overload\overload.vcxproj", "{03CF55DC-CF0E-438F-AA56-824639F515D1}"
EndProject
Project("{8BC9CEB8-8B4A-11D0-8D11-00A0C91BC942}") = "PolynomHorner", "PolynomHorner\PolynomHorner.vcxproj", "{B8DEBCDF-1DA4-46E9-BD68-144B02B704E8}"
EndProject
Project("{2150E333-8FDC-42A3-9474-1A3956D46DE8}") = "visitor pattern", "visitor pattern", "{785C7AFC-1F9A-418D-BCF2-91E0B5DFADC5}"
EndProject
Project("{8BC9CEB8-8B4A-11D0-8D11-00A0C91BC942}") = "Visit1", "Visit1\Visit1.vcxproj", "{1265F4CA-597C-4984-B5F2-BDC3E5B8FC3B}"
EndProject
Project("{8BC9CEB8-8B4A-11D0-8D11-00A0C91BC942}") = "str2num", "str2num\str2num.vcxproj", "{17EE0A6A-9804-435B-B945-70686E55F23E}"
EndProject
Project("{8BC9CEB8-8B4A-11D0-8D11-00A0C91BC942}") = "crtp-numbers", "crtp-numbers\crtp-numbers.vcxproj", "{F10A5F55-4569-4DBD-9F8B-996E1D8CE68C}"
EndProject
Project("{8BC9CEB8-8B4A-11D0-8D11-00A0C91BC942}") = "chrono_utils", "chrono_utils\chrono_utils.vcxproj", "{528627B6-77F8-4875-A964-B963C74CE93D}"
EndProject
Project("{8BC9CEB8-8B4A-11D0-8D11-00A0C91BC942}") = "FahrtAbrechnung", "FahrtAbrechnung\FahrtAbrechnung.vcxproj", "{A6256EAD-DE7A-4E48-8515-2ED795FC55C6}"
EndProject
Project("{8BC9CEB8-8B4A-11D0-8D11-00A0C91BC942}") = "geo2", "geo2\geo2.vcxproj", "{0D49BF48-7E1B-4991-95DE-131F0AD6684A}"
EndProject
Project("{8BC9CEB8-8B4A-11D0-8D11-00A0C91BC942}") = "CopyElision_ConstExpr", "CopyElision_ConstExpr\CopyElision_ConstExpr.vcxproj", "{B60EF483-BC65-40D3-9A49-FF9C8B0FD227}"
EndProject
Project("{8BC9CEB8-8B4A-11D0-8D11-00A0C91BC942}") = "fold_expresssion", "fold_expresssion\fold_expresssion.vcxproj", "{382626BC-B9B9-4B99-8F2D-80708D38F4AC}"
EndProject
Project("{8BC9CEB8-8B4A-11D0-8D11-00A0C91BC942}") = "zipper", "zipper\zipper.vcxproj", "{6FED2B91-96F3-4ECC-BFCA-EAE73EBD6190}"
EndProject
Project("{8BC9CEB8-8B4A-11D0-8D11-00A0C91BC942}") = "sieve", "sieve\sieve.vcxproj", "{196F640F-87A3-42F1-8759-1390C466CB00}"
EndProject
Project("{8BC9CEB8-8B4A-11D0-8D11-00A0C91BC942}") = "VariantPolymorphy", "VariantPolymorphy\VariantPolymorphy.vcxproj", "{716F16DA-40A0-4A93-9B00-BFAAB21B25E1}"
EndProject
Project("{8BC9CEB8-8B4A-11D0-8D11-00A0C91BC942}") = "ttt", "ttt\ttt.vcxproj", "{75839CC1-72AC-43EE-B187-54C10436E37C}"
EndProject
Project("{8BC9CEB8-8B4A-11D0-8D11-00A0C91BC942}") = "Typemapping", "Typemapping\Typemapping.vcxproj", "{27EFE93A-3E6A-4F6A-9B11-565DB23B9D81}"
EndProject
Project("{8BC9CEB8-8B4A-11D0-8D11-00A0C91BC942}") = "reverse", "reverse\reverse.vcxproj", "{CCFF6E44-9988-4FFD-8D85-1FFCCA0EB91F}"
EndProject
Project("{8BC9CEB8-8B4A-11D0-8D11-00A0C91BC942}") = "InheritanceNoPointer", "InheritanceNoPointer\InheritanceNoPointer.vcxproj", "{B653E41E-FCAB-4C60-90C9-459E4E2C1391}"
EndProject
Project("{8BC9CEB8-8B4A-11D0-8D11-00A0C91BC942}") = "histogram", "histogram\histogram.vcxproj", "{87067859-976E-41D5-8798-1CA699EAFDA1}"
EndProject
Project("{8BC9CEB8-8B4A-11D0-8D11-00A0C91BC942}") = "slides", "slides\slides.vcxproj", "{55664B3B-674F-4DB5-AE57-5D05B6504443}"
EndProject
Project("{8BC9CEB8-8B4A-11D0-8D11-00A0C91BC942}") = "FunctionHost", "FunctionHost\FunctionHost.vcxproj", "{301E3211-D7A2-41B0-9C4B-2BE38B7C50CB}"
EndProject
Global
	GlobalSection(SolutionConfigurationPlatforms) = preSolution
		Debug|x64 = Debug|x64
		Debug|x86 = Debug|x86
		Release|x64 = Release|x64
		Release|x86 = Release|x86
	EndGlobalSection
	GlobalSection(ProjectConfigurationPlatforms) = postSolution
		{84B12321-45BF-4C29-9FC7-57F131FF02DC}.Debug|x64.ActiveCfg = Debug|x64
		{84B12321-45BF-4C29-9FC7-57F131FF02DC}.Debug|x64.Build.0 = Debug|x64
		{84B12321-45BF-4C29-9FC7-57F131FF02DC}.Debug|x86.ActiveCfg = Debug|Win32
		{84B12321-45BF-4C29-9FC7-57F131FF02DC}.Debug|x86.Build.0 = Debug|Win32
		{84B12321-45BF-4C29-9FC7-57F131FF02DC}.Release|x64.ActiveCfg = Release|x64
		{84B12321-45BF-4C29-9FC7-57F131FF02DC}.Release|x64.Build.0 = Release|x64
		{84B12321-45BF-4C29-9FC7-57F131FF02DC}.Release|x86.ActiveCfg = Release|Win32
		{84B12321-45BF-4C29-9FC7-57F131FF02DC}.Release|x86.Build.0 = Release|Win32
		{F9DC7905-D00A-4C58-8909-6FEFAC1146B7}.Debug|x64.ActiveCfg = Debug|x64
		{F9DC7905-D00A-4C58-8909-6FEFAC1146B7}.Debug|x64.Build.0 = Debug|x64
		{F9DC7905-D00A-4C58-8909-6FEFAC1146B7}.Debug|x86.ActiveCfg = Debug|Win32
		{F9DC7905-D00A-4C58-8909-6FEFAC1146B7}.Debug|x86.Build.0 = Debug|Win32
		{F9DC7905-D00A-4C58-8909-6FEFAC1146B7}.Release|x64.ActiveCfg = Release|x64
		{F9DC7905-D00A-4C58-8909-6FEFAC1146B7}.Release|x64.Build.0 = Release|x64
		{F9DC7905-D00A-4C58-8909-6FEFAC1146B7}.Release|x86.ActiveCfg = Release|Win32
		{F9DC7905-D00A-4C58-8909-6FEFAC1146B7}.Release|x86.Build.0 = Release|Win32
		{E7F41278-EA63-4C8C-896C-3CC68F9C3F0A}.Debug|x64.ActiveCfg = Debug|x64
		{E7F41278-EA63-4C8C-896C-3CC68F9C3F0A}.Debug|x64.Build.0 = Debug|x64
		{E7F41278-EA63-4C8C-896C-3CC68F9C3F0A}.Debug|x86.ActiveCfg = Debug|Win32
		{E7F41278-EA63-4C8C-896C-3CC68F9C3F0A}.Debug|x86.Build.0 = Debug|Win32
		{E7F41278-EA63-4C8C-896C-3CC68F9C3F0A}.Release|x64.ActiveCfg = Release|x64
		{E7F41278-EA63-4C8C-896C-3CC68F9C3F0A}.Release|x64.Build.0 = Release|x64
		{E7F41278-EA63-4C8C-896C-3CC68F9C3F0A}.Release|x86.ActiveCfg = Release|Win32
		{E7F41278-EA63-4C8C-896C-3CC68F9C3F0A}.Release|x86.Build.0 = Release|Win32
		{E795C021-F44F-466C-9F9B-377D253D17FF}.Debug|x64.ActiveCfg = Debug|x64
		{E795C021-F44F-466C-9F9B-377D253D17FF}.Debug|x64.Build.0 = Debug|x64
		{E795C021-F44F-466C-9F9B-377D253D17FF}.Debug|x86.ActiveCfg = Debug|Win32
		{E795C021-F44F-466C-9F9B-377D253D17FF}.Debug|x86.Build.0 = Debug|Win32
		{E795C021-F44F-466C-9F9B-377D253D17FF}.Release|x64.ActiveCfg = Release|x64
		{E795C021-F44F-466C-9F9B-377D253D17FF}.Release|x64.Build.0 = Release|x64
		{E795C021-F44F-466C-9F9B-377D253D17FF}.Release|x86.ActiveCfg = Release|Win32
		{E795C021-F44F-466C-9F9B-377D253D17FF}.Release|x86.Build.0 = Release|Win32
		{EBA16258-1ACF-4739-AEC1-B8D0041D0773}.Debug|x64.ActiveCfg = Debug|x64
		{EBA16258-1ACF-4739-AEC1-B8D0041D0773}.Debug|x64.Build.0 = Debug|x64
		{EBA16258-1ACF-4739-AEC1-B8D0041D0773}.Debug|x86.ActiveCfg = Debug|Win32
		{EBA16258-1ACF-4739-AEC1-B8D0041D0773}.Debug|x86.Build.0 = Debug|Win32
		{EBA16258-1ACF-4739-AEC1-B8D0041D0773}.Release|x64.ActiveCfg = Release|x64
		{EBA16258-1ACF-4739-AEC1-B8D0041D0773}.Release|x64.Build.0 = Release|x64
		{EBA16258-1ACF-4739-AEC1-B8D0041D0773}.Release|x86.ActiveCfg = Release|Win32
		{EBA16258-1ACF-4739-AEC1-B8D0041D0773}.Release|x86.Build.0 = Release|Win32
		{FC63D288-1292-48E2-83FC-FA082C170779}.Debug|x64.ActiveCfg = Debug|x64
		{FC63D288-1292-48E2-83FC-FA082C170779}.Debug|x64.Build.0 = Debug|x64
		{FC63D288-1292-48E2-83FC-FA082C170779}.Debug|x86.ActiveCfg = Debug|Win32
		{FC63D288-1292-48E2-83FC-FA082C170779}.Debug|x86.Build.0 = Debug|Win32
		{FC63D288-1292-48E2-83FC-FA082C170779}.Release|x64.ActiveCfg = Release|x64
		{FC63D288-1292-48E2-83FC-FA082C170779}.Release|x64.Build.0 = Release|x64
		{FC63D288-1292-48E2-83FC-FA082C170779}.Release|x86.ActiveCfg = Release|Win32
		{FC63D288-1292-48E2-83FC-FA082C170779}.Release|x86.Build.0 = Release|Win32
		{F4A87ED3-0DD8-4489-BF6F-E8D78871D7C9}.Debug|x64.ActiveCfg = Debug|x64
		{F4A87ED3-0DD8-4489-BF6F-E8D78871D7C9}.Debug|x64.Build.0 = Debug|x64
		{F4A87ED3-0DD8-4489-BF6F-E8D78871D7C9}.Debug|x86.ActiveCfg = Debug|Win32
		{F4A87ED3-0DD8-4489-BF6F-E8D78871D7C9}.Debug|x86.Build.0 = Debug|Win32
		{F4A87ED3-0DD8-4489-BF6F-E8D78871D7C9}.Release|x64.ActiveCfg = Release|x64
		{F4A87ED3-0DD8-4489-BF6F-E8D78871D7C9}.Release|x64.Build.0 = Release|x64
		{F4A87ED3-0DD8-4489-BF6F-E8D78871D7C9}.Release|x86.ActiveCfg = Release|Win32
		{F4A87ED3-0DD8-4489-BF6F-E8D78871D7C9}.Release|x86.Build.0 = Release|Win32
		{19A3F9BC-17D6-4D2E-89C6-180E3A20B5F2}.Debug|x64.ActiveCfg = Debug|x64
		{19A3F9BC-17D6-4D2E-89C6-180E3A20B5F2}.Debug|x64.Build.0 = Debug|x64
		{19A3F9BC-17D6-4D2E-89C6-180E3A20B5F2}.Debug|x86.ActiveCfg = Debug|Win32
		{19A3F9BC-17D6-4D2E-89C6-180E3A20B5F2}.Debug|x86.Build.0 = Debug|Win32
		{19A3F9BC-17D6-4D2E-89C6-180E3A20B5F2}.Release|x64.ActiveCfg = Release|x64
		{19A3F9BC-17D6-4D2E-89C6-180E3A20B5F2}.Release|x64.Build.0 = Release|x64
		{19A3F9BC-17D6-4D2E-89C6-180E3A20B5F2}.Release|x86.ActiveCfg = Release|Win32
		{19A3F9BC-17D6-4D2E-89C6-180E3A20B5F2}.Release|x86.Build.0 = Release|Win32
		{A50E507B-A564-4664-B712-FB90867CA1E4}.Debug|x64.ActiveCfg = Debug|x64
		{A50E507B-A564-4664-B712-FB90867CA1E4}.Debug|x64.Build.0 = Debug|x64
		{A50E507B-A564-4664-B712-FB90867CA1E4}.Debug|x86.ActiveCfg = Debug|Win32
		{A50E507B-A564-4664-B712-FB90867CA1E4}.Debug|x86.Build.0 = Debug|Win32
		{A50E507B-A564-4664-B712-FB90867CA1E4}.Release|x64.ActiveCfg = Release|x64
		{A50E507B-A564-4664-B712-FB90867CA1E4}.Release|x64.Build.0 = Release|x64
		{A50E507B-A564-4664-B712-FB90867CA1E4}.Release|x86.ActiveCfg = Release|Win32
		{A50E507B-A564-4664-B712-FB90867CA1E4}.Release|x86.Build.0 = Release|Win32
		{9C4D7DE6-59C9-4256-B76B-0EBA3E4BF106}.Debug|x64.ActiveCfg = Debug|x64
		{9C4D7DE6-59C9-4256-B76B-0EBA3E4BF106}.Debug|x64.Build.0 = Debug|x64
		{9C4D7DE6-59C9-4256-B76B-0EBA3E4BF106}.Debug|x86.ActiveCfg = Debug|Win32
		{9C4D7DE6-59C9-4256-B76B-0EBA3E4BF106}.Debug|x86.Build.0 = Debug|Win32
		{9C4D7DE6-59C9-4256-B76B-0EBA3E4BF106}.Release|x64.ActiveCfg = Release|x64
		{9C4D7DE6-59C9-4256-B76B-0EBA3E4BF106}.Release|x64.Build.0 = Release|x64
		{9C4D7DE6-59C9-4256-B76B-0EBA3E4BF106}.Release|x86.ActiveCfg = Release|Win32
		{9C4D7DE6-59C9-4256-B76B-0EBA3E4BF106}.Release|x86.Build.0 = Release|Win32
		{F945D4E9-EC9B-4B91-84FB-9172015C0E42}.Debug|x64.ActiveCfg = Debug|x64
		{F945D4E9-EC9B-4B91-84FB-9172015C0E42}.Debug|x64.Build.0 = Debug|x64
		{F945D4E9-EC9B-4B91-84FB-9172015C0E42}.Debug|x86.ActiveCfg = Debug|Win32
		{F945D4E9-EC9B-4B91-84FB-9172015C0E42}.Debug|x86.Build.0 = Debug|Win32
		{F945D4E9-EC9B-4B91-84FB-9172015C0E42}.Release|x64.ActiveCfg = Release|x64
		{F945D4E9-EC9B-4B91-84FB-9172015C0E42}.Release|x64.Build.0 = Release|x64
		{F945D4E9-EC9B-4B91-84FB-9172015C0E42}.Release|x86.ActiveCfg = Release|Win32
		{F945D4E9-EC9B-4B91-84FB-9172015C0E42}.Release|x86.Build.0 = Release|Win32
		{08E3173E-B84B-4747-942D-7ABD0310259A}.Debug|x64.ActiveCfg = Debug|x64
		{08E3173E-B84B-4747-942D-7ABD0310259A}.Debug|x64.Build.0 = Debug|x64
		{08E3173E-B84B-4747-942D-7ABD0310259A}.Debug|x86.ActiveCfg = Debug|Win32
		{08E3173E-B84B-4747-942D-7ABD0310259A}.Debug|x86.Build.0 = Debug|Win32
		{08E3173E-B84B-4747-942D-7ABD0310259A}.Release|x64.ActiveCfg = Release|x64
		{08E3173E-B84B-4747-942D-7ABD0310259A}.Release|x64.Build.0 = Release|x64
		{08E3173E-B84B-4747-942D-7ABD0310259A}.Release|x86.ActiveCfg = Release|Win32
		{08E3173E-B84B-4747-942D-7ABD0310259A}.Release|x86.Build.0 = Release|Win32
		{0EA44AE8-56A0-402B-853E-A859ABEDEF70}.Debug|x64.ActiveCfg = Debug|x64
		{0EA44AE8-56A0-402B-853E-A859ABEDEF70}.Debug|x64.Build.0 = Debug|x64
		{0EA44AE8-56A0-402B-853E-A859ABEDEF70}.Debug|x86.ActiveCfg = Debug|Win32
		{0EA44AE8-56A0-402B-853E-A859ABEDEF70}.Debug|x86.Build.0 = Debug|Win32
		{0EA44AE8-56A0-402B-853E-A859ABEDEF70}.Release|x64.ActiveCfg = Release|x64
		{0EA44AE8-56A0-402B-853E-A859ABEDEF70}.Release|x64.Build.0 = Release|x64
		{0EA44AE8-56A0-402B-853E-A859ABEDEF70}.Release|x86.ActiveCfg = Release|Win32
		{0EA44AE8-56A0-402B-853E-A859ABEDEF70}.Release|x86.Build.0 = Release|Win32
		{18B34292-145C-48A2-A023-C1ADE630FFFB}.Debug|x64.ActiveCfg = Debug|x64
		{18B34292-145C-48A2-A023-C1ADE630FFFB}.Debug|x64.Build.0 = Debug|x64
		{18B34292-145C-48A2-A023-C1ADE630FFFB}.Debug|x86.ActiveCfg = Debug|Win32
		{18B34292-145C-48A2-A023-C1ADE630FFFB}.Debug|x86.Build.0 = Debug|Win32
		{18B34292-145C-48A2-A023-C1ADE630FFFB}.Release|x64.ActiveCfg = Release|x64
		{18B34292-145C-48A2-A023-C1ADE630FFFB}.Release|x64.Build.0 = Release|x64
		{18B34292-145C-48A2-A023-C1ADE630FFFB}.Release|x86.ActiveCfg = Release|Win32
		{18B34292-145C-48A2-A023-C1ADE630FFFB}.Release|x86.Build.0 = Release|Win32
		{DBD4690C-2AB9-4291-85ED-1691AD626BA3}.Debug|x64.ActiveCfg = Debug|x64
		{DBD4690C-2AB9-4291-85ED-1691AD626BA3}.Debug|x64.Build.0 = Debug|x64
		{DBD4690C-2AB9-4291-85ED-1691AD626BA3}.Debug|x86.ActiveCfg = Debug|Win32
		{DBD4690C-2AB9-4291-85ED-1691AD626BA3}.Debug|x86.Build.0 = Debug|Win32
		{DBD4690C-2AB9-4291-85ED-1691AD626BA3}.Release|x64.ActiveCfg = Release|x64
		{DBD4690C-2AB9-4291-85ED-1691AD626BA3}.Release|x64.Build.0 = Release|x64
		{DBD4690C-2AB9-4291-85ED-1691AD626BA3}.Release|x86.ActiveCfg = Release|Win32
		{DBD4690C-2AB9-4291-85ED-1691AD626BA3}.Release|x86.Build.0 = Release|Win32
		{322E5D56-6455-44CD-A783-542E1B0A192B}.Debug|x64.ActiveCfg = Debug|x64
		{322E5D56-6455-44CD-A783-542E1B0A192B}.Debug|x64.Build.0 = Debug|x64
		{322E5D56-6455-44CD-A783-542E1B0A192B}.Debug|x86.ActiveCfg = Debug|Win32
		{322E5D56-6455-44CD-A783-542E1B0A192B}.Debug|x86.Build.0 = Debug|Win32
		{322E5D56-6455-44CD-A783-542E1B0A192B}.Release|x64.ActiveCfg = Release|x64
		{322E5D56-6455-44CD-A783-542E1B0A192B}.Release|x64.Build.0 = Release|x64
		{322E5D56-6455-44CD-A783-542E1B0A192B}.Release|x86.ActiveCfg = Release|Win32
		{322E5D56-6455-44CD-A783-542E1B0A192B}.Release|x86.Build.0 = Release|Win32
		{0FEC6AF2-B4CB-4C88-967E-61C92A142B9A}.Debug|x64.ActiveCfg = Debug|x64
		{0FEC6AF2-B4CB-4C88-967E-61C92A142B9A}.Debug|x64.Build.0 = Debug|x64
		{0FEC6AF2-B4CB-4C88-967E-61C92A142B9A}.Debug|x86.ActiveCfg = Debug|Win32
		{0FEC6AF2-B4CB-4C88-967E-61C92A142B9A}.Debug|x86.Build.0 = Debug|Win32
		{0FEC6AF2-B4CB-4C88-967E-61C92A142B9A}.Release|x64.ActiveCfg = Release|x64
		{0FEC6AF2-B4CB-4C88-967E-61C92A142B9A}.Release|x64.Build.0 = Release|x64
		{0FEC6AF2-B4CB-4C88-967E-61C92A142B9A}.Release|x86.ActiveCfg = Release|Win32
		{0FEC6AF2-B4CB-4C88-967E-61C92A142B9A}.Release|x86.Build.0 = Release|Win32
		{9D48EDBE-5304-4E6A-A811-FAC9320031BD}.Debug|x64.ActiveCfg = Debug|x64
		{9D48EDBE-5304-4E6A-A811-FAC9320031BD}.Debug|x64.Build.0 = Debug|x64
		{9D48EDBE-5304-4E6A-A811-FAC9320031BD}.Debug|x86.ActiveCfg = Debug|Win32
		{9D48EDBE-5304-4E6A-A811-FAC9320031BD}.Debug|x86.Build.0 = Debug|Win32
		{9D48EDBE-5304-4E6A-A811-FAC9320031BD}.Release|x64.ActiveCfg = Release|x64
		{9D48EDBE-5304-4E6A-A811-FAC9320031BD}.Release|x64.Build.0 = Release|x64
		{9D48EDBE-5304-4E6A-A811-FAC9320031BD}.Release|x86.ActiveCfg = Release|Win32
		{9D48EDBE-5304-4E6A-A811-FAC9320031BD}.Release|x86.Build.0 = Release|Win32
		{96A00D25-D428-43FE-8A4A-9D1CDBAF7203}.Debug|x64.ActiveCfg = Debug|x64
		{96A00D25-D428-43FE-8A4A-9D1CDBAF7203}.Debug|x64.Build.0 = Debug|x64
		{96A00D25-D428-43FE-8A4A-9D1CDBAF7203}.Debug|x86.ActiveCfg = Debug|Win32
		{96A00D25-D428-43FE-8A4A-9D1CDBAF7203}.Debug|x86.Build.0 = Debug|Win32
		{96A00D25-D428-43FE-8A4A-9D1CDBAF7203}.Release|x64.ActiveCfg = Release|x64
		{96A00D25-D428-43FE-8A4A-9D1CDBAF7203}.Release|x64.Build.0 = Release|x64
		{96A00D25-D428-43FE-8A4A-9D1CDBAF7203}.Release|x86.ActiveCfg = Release|Win32
		{96A00D25-D428-43FE-8A4A-9D1CDBAF7203}.Release|x86.Build.0 = Release|Win32
		{5C4F0D35-57DD-4A5B-A1B2-C3F6DF41EA1C}.Debug|x64.ActiveCfg = Debug|x64
		{5C4F0D35-57DD-4A5B-A1B2-C3F6DF41EA1C}.Debug|x64.Build.0 = Debug|x64
		{5C4F0D35-57DD-4A5B-A1B2-C3F6DF41EA1C}.Debug|x86.ActiveCfg = Debug|Win32
		{5C4F0D35-57DD-4A5B-A1B2-C3F6DF41EA1C}.Debug|x86.Build.0 = Debug|Win32
		{5C4F0D35-57DD-4A5B-A1B2-C3F6DF41EA1C}.Release|x64.ActiveCfg = Release|x64
		{5C4F0D35-57DD-4A5B-A1B2-C3F6DF41EA1C}.Release|x64.Build.0 = Release|x64
		{5C4F0D35-57DD-4A5B-A1B2-C3F6DF41EA1C}.Release|x86.ActiveCfg = Release|Win32
		{5C4F0D35-57DD-4A5B-A1B2-C3F6DF41EA1C}.Release|x86.Build.0 = Release|Win32
		{FDFF491C-7808-411A-A842-3FDA5BF07A9A}.Debug|x64.ActiveCfg = Debug|x64
		{FDFF491C-7808-411A-A842-3FDA5BF07A9A}.Debug|x64.Build.0 = Debug|x64
		{FDFF491C-7808-411A-A842-3FDA5BF07A9A}.Debug|x86.ActiveCfg = Debug|Win32
		{FDFF491C-7808-411A-A842-3FDA5BF07A9A}.Debug|x86.Build.0 = Debug|Win32
		{FDFF491C-7808-411A-A842-3FDA5BF07A9A}.Release|x64.ActiveCfg = Release|x64
		{FDFF491C-7808-411A-A842-3FDA5BF07A9A}.Release|x64.Build.0 = Release|x64
		{FDFF491C-7808-411A-A842-3FDA5BF07A9A}.Release|x86.ActiveCfg = Release|Win32
		{FDFF491C-7808-411A-A842-3FDA5BF07A9A}.Release|x86.Build.0 = Release|Win32
		{91495839-3B95-46A5-AB6E-B8D135059188}.Debug|x64.ActiveCfg = Debug|x64
		{91495839-3B95-46A5-AB6E-B8D135059188}.Debug|x64.Build.0 = Debug|x64
		{91495839-3B95-46A5-AB6E-B8D135059188}.Debug|x86.ActiveCfg = Debug|Win32
		{91495839-3B95-46A5-AB6E-B8D135059188}.Debug|x86.Build.0 = Debug|Win32
		{91495839-3B95-46A5-AB6E-B8D135059188}.Release|x64.ActiveCfg = Release|x64
		{91495839-3B95-46A5-AB6E-B8D135059188}.Release|x64.Build.0 = Release|x64
		{91495839-3B95-46A5-AB6E-B8D135059188}.Release|x86.ActiveCfg = Release|Win32
		{91495839-3B95-46A5-AB6E-B8D135059188}.Release|x86.Build.0 = Release|Win32
		{0E771A40-7737-408F-A484-EA3FDB9C9DB3}.Debug|x64.ActiveCfg = Debug|x64
		{0E771A40-7737-408F-A484-EA3FDB9C9DB3}.Debug|x64.Build.0 = Debug|x64
		{0E771A40-7737-408F-A484-EA3FDB9C9DB3}.Debug|x86.ActiveCfg = Debug|Win32
		{0E771A40-7737-408F-A484-EA3FDB9C9DB3}.Debug|x86.Build.0 = Debug|Win32
		{0E771A40-7737-408F-A484-EA3FDB9C9DB3}.Release|x64.ActiveCfg = Release|x64
		{0E771A40-7737-408F-A484-EA3FDB9C9DB3}.Release|x64.Build.0 = Release|x64
		{0E771A40-7737-408F-A484-EA3FDB9C9DB3}.Release|x86.ActiveCfg = Release|Win32
		{0E771A40-7737-408F-A484-EA3FDB9C9DB3}.Release|x86.Build.0 = Release|Win32
		{CC2071B0-C6BE-4B3E-843E-2852F6CB31F0}.Debug|x64.ActiveCfg = Debug|x64
		{CC2071B0-C6BE-4B3E-843E-2852F6CB31F0}.Debug|x64.Build.0 = Debug|x64
		{CC2071B0-C6BE-4B3E-843E-2852F6CB31F0}.Debug|x86.ActiveCfg = Debug|Win32
		{CC2071B0-C6BE-4B3E-843E-2852F6CB31F0}.Debug|x86.Build.0 = Debug|Win32
		{CC2071B0-C6BE-4B3E-843E-2852F6CB31F0}.Release|x64.ActiveCfg = Release|x64
		{CC2071B0-C6BE-4B3E-843E-2852F6CB31F0}.Release|x64.Build.0 = Release|x64
		{CC2071B0-C6BE-4B3E-843E-2852F6CB31F0}.Release|x86.ActiveCfg = Release|Win32
		{CC2071B0-C6BE-4B3E-843E-2852F6CB31F0}.Release|x86.Build.0 = Release|Win32
		{B12702AD-ABFB-343A-A199-8E24837244A3}.Debug|x64.ActiveCfg = Debug|x64
		{B12702AD-ABFB-343A-A199-8E24837244A3}.Debug|x64.Build.0 = Debug|x64
		{B12702AD-ABFB-343A-A199-8E24837244A3}.Debug|x86.ActiveCfg = Debug|x64
		{B12702AD-ABFB-343A-A199-8E24837244A3}.Release|x64.ActiveCfg = Release|x64
		{B12702AD-ABFB-343A-A199-8E24837244A3}.Release|x64.Build.0 = Release|x64
		{B12702AD-ABFB-343A-A199-8E24837244A3}.Release|x86.ActiveCfg = Release|x64
		{778E53D3-491A-4D10-A5D1-276F4EF60EFA}.Debug|x64.ActiveCfg = Debug|x64
		{778E53D3-491A-4D10-A5D1-276F4EF60EFA}.Debug|x64.Build.0 = Debug|x64
		{778E53D3-491A-4D10-A5D1-276F4EF60EFA}.Debug|x86.ActiveCfg = Debug|Win32
		{778E53D3-491A-4D10-A5D1-276F4EF60EFA}.Debug|x86.Build.0 = Debug|Win32
		{778E53D3-491A-4D10-A5D1-276F4EF60EFA}.Release|x64.ActiveCfg = Release|x64
		{778E53D3-491A-4D10-A5D1-276F4EF60EFA}.Release|x64.Build.0 = Release|x64
		{778E53D3-491A-4D10-A5D1-276F4EF60EFA}.Release|x86.ActiveCfg = Release|Win32
		{778E53D3-491A-4D10-A5D1-276F4EF60EFA}.Release|x86.Build.0 = Release|Win32
		{9BAEE40E-A1EB-4D3C-977C-D39CF7D63844}.Debug|x64.ActiveCfg = Debug|x64
		{9BAEE40E-A1EB-4D3C-977C-D39CF7D63844}.Debug|x64.Build.0 = Debug|x64
		{9BAEE40E-A1EB-4D3C-977C-D39CF7D63844}.Debug|x86.ActiveCfg = Debug|Win32
		{9BAEE40E-A1EB-4D3C-977C-D39CF7D63844}.Debug|x86.Build.0 = Debug|Win32
		{9BAEE40E-A1EB-4D3C-977C-D39CF7D63844}.Release|x64.ActiveCfg = Release|x64
		{9BAEE40E-A1EB-4D3C-977C-D39CF7D63844}.Release|x64.Build.0 = Release|x64
		{9BAEE40E-A1EB-4D3C-977C-D39CF7D63844}.Release|x86.ActiveCfg = Release|Win32
		{9BAEE40E-A1EB-4D3C-977C-D39CF7D63844}.Release|x86.Build.0 = Release|Win32
		{79B21077-0E2B-4A37-ABF4-D9933D75FDD1}.Debug|x64.ActiveCfg = Debug|x64
		{79B21077-0E2B-4A37-ABF4-D9933D75FDD1}.Debug|x64.Build.0 = Debug|x64
		{79B21077-0E2B-4A37-ABF4-D9933D75FDD1}.Debug|x86.ActiveCfg = Debug|Win32
		{79B21077-0E2B-4A37-ABF4-D9933D75FDD1}.Debug|x86.Build.0 = Debug|Win32
		{79B21077-0E2B-4A37-ABF4-D9933D75FDD1}.Release|x64.ActiveCfg = Release|x64
		{79B21077-0E2B-4A37-ABF4-D9933D75FDD1}.Release|x64.Build.0 = Release|x64
		{79B21077-0E2B-4A37-ABF4-D9933D75FDD1}.Release|x86.ActiveCfg = Release|Win32
		{79B21077-0E2B-4A37-ABF4-D9933D75FDD1}.Release|x86.Build.0 = Release|Win32
		{B7458B6B-5CD2-458C-BC27-8896125724BE}.Debug|x64.ActiveCfg = Debug|x64
		{B7458B6B-5CD2-458C-BC27-8896125724BE}.Debug|x64.Build.0 = Debug|x64
		{B7458B6B-5CD2-458C-BC27-8896125724BE}.Debug|x86.ActiveCfg = Debug|Win32
		{B7458B6B-5CD2-458C-BC27-8896125724BE}.Debug|x86.Build.0 = Debug|Win32
		{B7458B6B-5CD2-458C-BC27-8896125724BE}.Release|x64.ActiveCfg = Release|x64
		{B7458B6B-5CD2-458C-BC27-8896125724BE}.Release|x64.Build.0 = Release|x64
		{B7458B6B-5CD2-458C-BC27-8896125724BE}.Release|x86.ActiveCfg = Release|Win32
		{B7458B6B-5CD2-458C-BC27-8896125724BE}.Release|x86.Build.0 = Release|Win32
		{B9DC25FF-DB0E-47AB-B2CE-93AA03F817E4}.Debug|x64.ActiveCfg = Debug|x64
		{B9DC25FF-DB0E-47AB-B2CE-93AA03F817E4}.Debug|x64.Build.0 = Debug|x64
		{B9DC25FF-DB0E-47AB-B2CE-93AA03F817E4}.Debug|x86.ActiveCfg = Debug|Win32
		{B9DC25FF-DB0E-47AB-B2CE-93AA03F817E4}.Debug|x86.Build.0 = Debug|Win32
		{B9DC25FF-DB0E-47AB-B2CE-93AA03F817E4}.Release|x64.ActiveCfg = Release|x64
		{B9DC25FF-DB0E-47AB-B2CE-93AA03F817E4}.Release|x64.Build.0 = Release|x64
		{B9DC25FF-DB0E-47AB-B2CE-93AA03F817E4}.Release|x86.ActiveCfg = Release|Win32
		{B9DC25FF-DB0E-47AB-B2CE-93AA03F817E4}.Release|x86.Build.0 = Release|Win32
		{16578DE7-6352-4DB8-9794-ED842CE4CF00}.Debug|x64.ActiveCfg = Debug|x64
		{16578DE7-6352-4DB8-9794-ED842CE4CF00}.Debug|x64.Build.0 = Debug|x64
		{16578DE7-6352-4DB8-9794-ED842CE4CF00}.Debug|x86.ActiveCfg = Debug|Win32
		{16578DE7-6352-4DB8-9794-ED842CE4CF00}.Debug|x86.Build.0 = Debug|Win32
		{16578DE7-6352-4DB8-9794-ED842CE4CF00}.Release|x64.ActiveCfg = Release|x64
		{16578DE7-6352-4DB8-9794-ED842CE4CF00}.Release|x64.Build.0 = Release|x64
		{16578DE7-6352-4DB8-9794-ED842CE4CF00}.Release|x86.ActiveCfg = Release|Win32
		{16578DE7-6352-4DB8-9794-ED842CE4CF00}.Release|x86.Build.0 = Release|Win32
		{9250D288-BF8E-461D-8107-3E1ECA833601}.Debug|x64.ActiveCfg = Debug|x64
		{9250D288-BF8E-461D-8107-3E1ECA833601}.Debug|x64.Build.0 = Debug|x64
		{9250D288-BF8E-461D-8107-3E1ECA833601}.Debug|x86.ActiveCfg = Debug|Win32
		{9250D288-BF8E-461D-8107-3E1ECA833601}.Debug|x86.Build.0 = Debug|Win32
		{9250D288-BF8E-461D-8107-3E1ECA833601}.Release|x64.ActiveCfg = Release|x64
		{9250D288-BF8E-461D-8107-3E1ECA833601}.Release|x64.Build.0 = Release|x64
		{9250D288-BF8E-461D-8107-3E1ECA833601}.Release|x86.ActiveCfg = Release|Win32
		{9250D288-BF8E-461D-8107-3E1ECA833601}.Release|x86.Build.0 = Release|Win32
		{5025F9E9-3D81-4840-AC81-38B4E7C4D015}.Debug|x64.ActiveCfg = Debug|x64
		{5025F9E9-3D81-4840-AC81-38B4E7C4D015}.Debug|x64.Build.0 = Debug|x64
		{5025F9E9-3D81-4840-AC81-38B4E7C4D015}.Debug|x86.ActiveCfg = Debug|Win32
		{5025F9E9-3D81-4840-AC81-38B4E7C4D015}.Debug|x86.Build.0 = Debug|Win32
		{5025F9E9-3D81-4840-AC81-38B4E7C4D015}.Release|x64.ActiveCfg = Release|x64
		{5025F9E9-3D81-4840-AC81-38B4E7C4D015}.Release|x64.Build.0 = Release|x64
		{5025F9E9-3D81-4840-AC81-38B4E7C4D015}.Release|x86.ActiveCfg = Release|Win32
		{5025F9E9-3D81-4840-AC81-38B4E7C4D015}.Release|x86.Build.0 = Release|Win32
		{62447CEF-F8EF-47C6-B94E-19FD6C59DF5E}.Debug|x64.ActiveCfg = Debug|x64
		{62447CEF-F8EF-47C6-B94E-19FD6C59DF5E}.Debug|x64.Build.0 = Debug|x64
		{62447CEF-F8EF-47C6-B94E-19FD6C59DF5E}.Debug|x86.ActiveCfg = Debug|Win32
		{62447CEF-F8EF-47C6-B94E-19FD6C59DF5E}.Debug|x86.Build.0 = Debug|Win32
		{62447CEF-F8EF-47C6-B94E-19FD6C59DF5E}.Release|x64.ActiveCfg = Release|x64
		{62447CEF-F8EF-47C6-B94E-19FD6C59DF5E}.Release|x64.Build.0 = Release|x64
		{62447CEF-F8EF-47C6-B94E-19FD6C59DF5E}.Release|x86.ActiveCfg = Release|Win32
		{62447CEF-F8EF-47C6-B94E-19FD6C59DF5E}.Release|x86.Build.0 = Release|Win32
		{C09AA160-DA47-435A-9D65-6F067C2F40D4}.Debug|x64.ActiveCfg = Debug|x64
		{C09AA160-DA47-435A-9D65-6F067C2F40D4}.Debug|x64.Build.0 = Debug|x64
		{C09AA160-DA47-435A-9D65-6F067C2F40D4}.Debug|x86.ActiveCfg = Debug|Win32
		{C09AA160-DA47-435A-9D65-6F067C2F40D4}.Debug|x86.Build.0 = Debug|Win32
		{C09AA160-DA47-435A-9D65-6F067C2F40D4}.Release|x64.ActiveCfg = Release|x64
		{C09AA160-DA47-435A-9D65-6F067C2F40D4}.Release|x64.Build.0 = Release|x64
		{C09AA160-DA47-435A-9D65-6F067C2F40D4}.Release|x86.ActiveCfg = Release|Win32
		{C09AA160-DA47-435A-9D65-6F067C2F40D4}.Release|x86.Build.0 = Release|Win32
		{03CF55DC-CF0E-438F-AA56-824639F515D1}.Debug|x64.ActiveCfg = Debug|x64
		{03CF55DC-CF0E-438F-AA56-824639F515D1}.Debug|x64.Build.0 = Debug|x64
		{03CF55DC-CF0E-438F-AA56-824639F515D1}.Debug|x86.ActiveCfg = Debug|Win32
		{03CF55DC-CF0E-438F-AA56-824639F515D1}.Debug|x86.Build.0 = Debug|Win32
		{03CF55DC-CF0E-438F-AA56-824639F515D1}.Release|x64.ActiveCfg = Release|x64
		{03CF55DC-CF0E-438F-AA56-824639F515D1}.Release|x64.Build.0 = Release|x64
		{03CF55DC-CF0E-438F-AA56-824639F515D1}.Release|x86.ActiveCfg = Release|Win32
		{03CF55DC-CF0E-438F-AA56-824639F515D1}.Release|x86.Build.0 = Release|Win32
		{B8DEBCDF-1DA4-46E9-BD68-144B02B704E8}.Debug|x64.ActiveCfg = Debug|x64
		{B8DEBCDF-1DA4-46E9-BD68-144B02B704E8}.Debug|x64.Build.0 = Debug|x64
		{B8DEBCDF-1DA4-46E9-BD68-144B02B704E8}.Debug|x86.ActiveCfg = Debug|Win32
		{B8DEBCDF-1DA4-46E9-BD68-144B02B704E8}.Debug|x86.Build.0 = Debug|Win32
		{B8DEBCDF-1DA4-46E9-BD68-144B02B704E8}.Release|x64.ActiveCfg = Release|x64
		{B8DEBCDF-1DA4-46E9-BD68-144B02B704E8}.Release|x64.Build.0 = Release|x64
		{B8DEBCDF-1DA4-46E9-BD68-144B02B704E8}.Release|x86.ActiveCfg = Release|Win32
		{B8DEBCDF-1DA4-46E9-BD68-144B02B704E8}.Release|x86.Build.0 = Release|Win32
		{1265F4CA-597C-4984-B5F2-BDC3E5B8FC3B}.Debug|x64.ActiveCfg = Debug|x64
		{1265F4CA-597C-4984-B5F2-BDC3E5B8FC3B}.Debug|x64.Build.0 = Debug|x64
		{1265F4CA-597C-4984-B5F2-BDC3E5B8FC3B}.Debug|x86.ActiveCfg = Debug|Win32
		{1265F4CA-597C-4984-B5F2-BDC3E5B8FC3B}.Debug|x86.Build.0 = Debug|Win32
		{1265F4CA-597C-4984-B5F2-BDC3E5B8FC3B}.Release|x64.ActiveCfg = Release|x64
		{1265F4CA-597C-4984-B5F2-BDC3E5B8FC3B}.Release|x64.Build.0 = Release|x64
		{1265F4CA-597C-4984-B5F2-BDC3E5B8FC3B}.Release|x86.ActiveCfg = Release|Win32
		{1265F4CA-597C-4984-B5F2-BDC3E5B8FC3B}.Release|x86.Build.0 = Release|Win32
		{17EE0A6A-9804-435B-B945-70686E55F23E}.Debug|x64.ActiveCfg = Debug|x64
		{17EE0A6A-9804-435B-B945-70686E55F23E}.Debug|x64.Build.0 = Debug|x64
		{17EE0A6A-9804-435B-B945-70686E55F23E}.Debug|x86.ActiveCfg = Debug|Win32
		{17EE0A6A-9804-435B-B945-70686E55F23E}.Debug|x86.Build.0 = Debug|Win32
		{17EE0A6A-9804-435B-B945-70686E55F23E}.Release|x64.ActiveCfg = Release|x64
		{17EE0A6A-9804-435B-B945-70686E55F23E}.Release|x64.Build.0 = Release|x64
		{17EE0A6A-9804-435B-B945-70686E55F23E}.Release|x86.ActiveCfg = Release|Win32
		{17EE0A6A-9804-435B-B945-70686E55F23E}.Release|x86.Build.0 = Release|Win32
		{F10A5F55-4569-4DBD-9F8B-996E1D8CE68C}.Debug|x64.ActiveCfg = Debug|x64
		{F10A5F55-4569-4DBD-9F8B-996E1D8CE68C}.Debug|x64.Build.0 = Debug|x64
		{F10A5F55-4569-4DBD-9F8B-996E1D8CE68C}.Debug|x86.ActiveCfg = Debug|Win32
		{F10A5F55-4569-4DBD-9F8B-996E1D8CE68C}.Debug|x86.Build.0 = Debug|Win32
		{F10A5F55-4569-4DBD-9F8B-996E1D8CE68C}.Release|x64.ActiveCfg = Release|x64
		{F10A5F55-4569-4DBD-9F8B-996E1D8CE68C}.Release|x64.Build.0 = Release|x64
		{F10A5F55-4569-4DBD-9F8B-996E1D8CE68C}.Release|x86.ActiveCfg = Release|Win32
		{F10A5F55-4569-4DBD-9F8B-996E1D8CE68C}.Release|x86.Build.0 = Release|Win32
		{528627B6-77F8-4875-A964-B963C74CE93D}.Debug|x64.ActiveCfg = Debug|x64
		{528627B6-77F8-4875-A964-B963C74CE93D}.Debug|x64.Build.0 = Debug|x64
		{528627B6-77F8-4875-A964-B963C74CE93D}.Debug|x86.ActiveCfg = Debug|Win32
		{528627B6-77F8-4875-A964-B963C74CE93D}.Debug|x86.Build.0 = Debug|Win32
		{528627B6-77F8-4875-A964-B963C74CE93D}.Release|x64.ActiveCfg = Release|x64
		{528627B6-77F8-4875-A964-B963C74CE93D}.Release|x64.Build.0 = Release|x64
		{528627B6-77F8-4875-A964-B963C74CE93D}.Release|x86.ActiveCfg = Release|Win32
		{528627B6-77F8-4875-A964-B963C74CE93D}.Release|x86.Build.0 = Release|Win32
		{A6256EAD-DE7A-4E48-8515-2ED795FC55C6}.Debug|x64.ActiveCfg = Debug|x64
		{A6256EAD-DE7A-4E48-8515-2ED795FC55C6}.Debug|x64.Build.0 = Debug|x64
		{A6256EAD-DE7A-4E48-8515-2ED795FC55C6}.Debug|x86.ActiveCfg = Debug|Win32
		{A6256EAD-DE7A-4E48-8515-2ED795FC55C6}.Debug|x86.Build.0 = Debug|Win32
		{A6256EAD-DE7A-4E48-8515-2ED795FC55C6}.Release|x64.ActiveCfg = Release|x64
		{A6256EAD-DE7A-4E48-8515-2ED795FC55C6}.Release|x64.Build.0 = Release|x64
		{A6256EAD-DE7A-4E48-8515-2ED795FC55C6}.Release|x86.ActiveCfg = Release|Win32
		{A6256EAD-DE7A-4E48-8515-2ED795FC55C6}.Release|x86.Build.0 = Release|Win32
		{0D49BF48-7E1B-4991-95DE-131F0AD6684A}.Debug|x64.ActiveCfg = Debug|x64
		{0D49BF48-7E1B-4991-95DE-131F0AD6684A}.Debug|x64.Build.0 = Debug|x64
		{0D49BF48-7E1B-4991-95DE-131F0AD6684A}.Debug|x86.ActiveCfg = Debug|Win32
		{0D49BF48-7E1B-4991-95DE-131F0AD6684A}.Debug|x86.Build.0 = Debug|Win32
		{0D49BF48-7E1B-4991-95DE-131F0AD6684A}.Release|x64.ActiveCfg = Release|x64
		{0D49BF48-7E1B-4991-95DE-131F0AD6684A}.Release|x64.Build.0 = Release|x64
		{0D49BF48-7E1B-4991-95DE-131F0AD6684A}.Release|x86.ActiveCfg = Release|Win32
		{0D49BF48-7E1B-4991-95DE-131F0AD6684A}.Release|x86.Build.0 = Release|Win32
		{B60EF483-BC65-40D3-9A49-FF9C8B0FD227}.Debug|x64.ActiveCfg = Debug|x64
		{B60EF483-BC65-40D3-9A49-FF9C8B0FD227}.Debug|x64.Build.0 = Debug|x64
		{B60EF483-BC65-40D3-9A49-FF9C8B0FD227}.Debug|x86.ActiveCfg = Debug|Win32
		{B60EF483-BC65-40D3-9A49-FF9C8B0FD227}.Debug|x86.Build.0 = Debug|Win32
		{B60EF483-BC65-40D3-9A49-FF9C8B0FD227}.Release|x64.ActiveCfg = Release|x64
		{B60EF483-BC65-40D3-9A49-FF9C8B0FD227}.Release|x64.Build.0 = Release|x64
		{B60EF483-BC65-40D3-9A49-FF9C8B0FD227}.Release|x86.ActiveCfg = Release|Win32
		{B60EF483-BC65-40D3-9A49-FF9C8B0FD227}.Release|x86.Build.0 = Release|Win32
		{382626BC-B9B9-4B99-8F2D-80708D38F4AC}.Debug|x64.ActiveCfg = Debug|x64
		{382626BC-B9B9-4B99-8F2D-80708D38F4AC}.Debug|x64.Build.0 = Debug|x64
		{382626BC-B9B9-4B99-8F2D-80708D38F4AC}.Debug|x86.ActiveCfg = Debug|Win32
		{382626BC-B9B9-4B99-8F2D-80708D38F4AC}.Debug|x86.Build.0 = Debug|Win32
		{382626BC-B9B9-4B99-8F2D-80708D38F4AC}.Release|x64.ActiveCfg = Release|x64
		{382626BC-B9B9-4B99-8F2D-80708D38F4AC}.Release|x64.Build.0 = Release|x64
		{382626BC-B9B9-4B99-8F2D-80708D38F4AC}.Release|x86.ActiveCfg = Release|Win32
		{382626BC-B9B9-4B99-8F2D-80708D38F4AC}.Release|x86.Build.0 = Release|Win32
		{6FED2B91-96F3-4ECC-BFCA-EAE73EBD6190}.Debug|x64.ActiveCfg = Debug|x64
		{6FED2B91-96F3-4ECC-BFCA-EAE73EBD6190}.Debug|x64.Build.0 = Debug|x64
		{6FED2B91-96F3-4ECC-BFCA-EAE73EBD6190}.Debug|x86.ActiveCfg = Debug|Win32
		{6FED2B91-96F3-4ECC-BFCA-EAE73EBD6190}.Debug|x86.Build.0 = Debug|Win32
		{6FED2B91-96F3-4ECC-BFCA-EAE73EBD6190}.Release|x64.ActiveCfg = Release|x64
		{6FED2B91-96F3-4ECC-BFCA-EAE73EBD6190}.Release|x64.Build.0 = Release|x64
		{6FED2B91-96F3-4ECC-BFCA-EAE73EBD6190}.Release|x86.ActiveCfg = Release|Win32
		{6FED2B91-96F3-4ECC-BFCA-EAE73EBD6190}.Release|x86.Build.0 = Release|Win32
		{196F640F-87A3-42F1-8759-1390C466CB00}.Debug|x64.ActiveCfg = Debug|x64
		{196F640F-87A3-42F1-8759-1390C466CB00}.Debug|x64.Build.0 = Debug|x64
		{196F640F-87A3-42F1-8759-1390C466CB00}.Debug|x86.ActiveCfg = Debug|Win32
		{196F640F-87A3-42F1-8759-1390C466CB00}.Debug|x86.Build.0 = Debug|Win32
		{196F640F-87A3-42F1-8759-1390C466CB00}.Release|x64.ActiveCfg = Release|x64
		{196F640F-87A3-42F1-8759-1390C466CB00}.Release|x64.Build.0 = Release|x64
		{196F640F-87A3-42F1-8759-1390C466CB00}.Release|x86.ActiveCfg = Release|Win32
		{196F640F-87A3-42F1-8759-1390C466CB00}.Release|x86.Build.0 = Release|Win32
		{716F16DA-40A0-4A93-9B00-BFAAB21B25E1}.Debug|x64.ActiveCfg = Debug|x64
		{716F16DA-40A0-4A93-9B00-BFAAB21B25E1}.Debug|x64.Build.0 = Debug|x64
		{716F16DA-40A0-4A93-9B00-BFAAB21B25E1}.Debug|x86.ActiveCfg = Debug|Win32
		{716F16DA-40A0-4A93-9B00-BFAAB21B25E1}.Debug|x86.Build.0 = Debug|Win32
		{716F16DA-40A0-4A93-9B00-BFAAB21B25E1}.Release|x64.ActiveCfg = Release|x64
		{716F16DA-40A0-4A93-9B00-BFAAB21B25E1}.Release|x64.Build.0 = Release|x64
		{716F16DA-40A0-4A93-9B00-BFAAB21B25E1}.Release|x86.ActiveCfg = Release|Win32
		{716F16DA-40A0-4A93-9B00-BFAAB21B25E1}.Release|x86.Build.0 = Release|Win32
		{75839CC1-72AC-43EE-B187-54C10436E37C}.Debug|x64.ActiveCfg = Debug|x64
		{75839CC1-72AC-43EE-B187-54C10436E37C}.Debug|x64.Build.0 = Debug|x64
		{75839CC1-72AC-43EE-B187-54C10436E37C}.Debug|x86.ActiveCfg = Debug|Win32
		{75839CC1-72AC-43EE-B187-54C10436E37C}.Debug|x86.Build.0 = Debug|Win32
		{75839CC1-72AC-43EE-B187-54C10436E37C}.Release|x64.ActiveCfg = Release|x64
		{75839CC1-72AC-43EE-B187-54C10436E37C}.Release|x64.Build.0 = Release|x64
		{75839CC1-72AC-43EE-B187-54C10436E37C}.Release|x86.ActiveCfg = Release|Win32
		{75839CC1-72AC-43EE-B187-54C10436E37C}.Release|x86.Build.0 = Release|Win32
		{27EFE93A-3E6A-4F6A-9B11-565DB23B9D81}.Debug|x64.ActiveCfg = Debug|x64
		{27EFE93A-3E6A-4F6A-9B11-565DB23B9D81}.Debug|x64.Build.0 = Debug|x64
		{27EFE93A-3E6A-4F6A-9B11-565DB23B9D81}.Debug|x86.ActiveCfg = Debug|Win32
		{27EFE93A-3E6A-4F6A-9B11-565DB23B9D81}.Debug|x86.Build.0 = Debug|Win32
		{27EFE93A-3E6A-4F6A-9B11-565DB23B9D81}.Release|x64.ActiveCfg = Release|x64
		{27EFE93A-3E6A-4F6A-9B11-565DB23B9D81}.Release|x64.Build.0 = Release|x64
		{27EFE93A-3E6A-4F6A-9B11-565DB23B9D81}.Release|x86.ActiveCfg = Release|Win32
		{27EFE93A-3E6A-4F6A-9B11-565DB23B9D81}.Release|x86.Build.0 = Release|Win32
		{CCFF6E44-9988-4FFD-8D85-1FFCCA0EB91F}.Debug|x64.ActiveCfg = Debug|x64
		{CCFF6E44-9988-4FFD-8D85-1FFCCA0EB91F}.Debug|x64.Build.0 = Debug|x64
		{CCFF6E44-9988-4FFD-8D85-1FFCCA0EB91F}.Debug|x86.ActiveCfg = Debug|Win32
		{CCFF6E44-9988-4FFD-8D85-1FFCCA0EB91F}.Debug|x86.Build.0 = Debug|Win32
		{CCFF6E44-9988-4FFD-8D85-1FFCCA0EB91F}.Release|x64.ActiveCfg = Release|x64
		{CCFF6E44-9988-4FFD-8D85-1FFCCA0EB91F}.Release|x64.Build.0 = Release|x64
		{CCFF6E44-9988-4FFD-8D85-1FFCCA0EB91F}.Release|x86.ActiveCfg = Release|Win32
		{CCFF6E44-9988-4FFD-8D85-1FFCCA0EB91F}.Release|x86.Build.0 = Release|Win32
		{B653E41E-FCAB-4C60-90C9-459E4E2C1391}.Debug|x64.ActiveCfg = Debug|x64
		{B653E41E-FCAB-4C60-90C9-459E4E2C1391}.Debug|x64.Build.0 = Debug|x64
		{B653E41E-FCAB-4C60-90C9-459E4E2C1391}.Debug|x86.ActiveCfg = Debug|Win32
		{B653E41E-FCAB-4C60-90C9-459E4E2C1391}.Debug|x86.Build.0 = Debug|Win32
		{B653E41E-FCAB-4C60-90C9-459E4E2C1391}.Release|x64.ActiveCfg = Release|x64
		{B653E41E-FCAB-4C60-90C9-459E4E2C1391}.Release|x64.Build.0 = Release|x64
		{B653E41E-FCAB-4C60-90C9-459E4E2C1391}.Release|x86.ActiveCfg = Release|Win32
		{B653E41E-FCAB-4C60-90C9-459E4E2C1391}.Release|x86.Build.0 = Release|Win32
		{87067859-976E-41D5-8798-1CA699EAFDA1}.Debug|x64.ActiveCfg = Debug|x64
		{87067859-976E-41D5-8798-1CA699EAFDA1}.Debug|x64.Build.0 = Debug|x64
		{87067859-976E-41D5-8798-1CA699EAFDA1}.Debug|x86.ActiveCfg = Debug|Win32
		{87067859-976E-41D5-8798-1CA699EAFDA1}.Debug|x86.Build.0 = Debug|Win32
		{87067859-976E-41D5-8798-1CA699EAFDA1}.Release|x64.ActiveCfg = Release|x64
		{87067859-976E-41D5-8798-1CA699EAFDA1}.Release|x64.Build.0 = Release|x64
		{87067859-976E-41D5-8798-1CA699EAFDA1}.Release|x86.ActiveCfg = Release|Win32
		{87067859-976E-41D5-8798-1CA699EAFDA1}.Release|x86.Build.0 = Release|Win32
		{55664B3B-674F-4DB5-AE57-5D05B6504443}.Debug|x64.ActiveCfg = Debug|x64
		{55664B3B-674F-4DB5-AE57-5D05B6504443}.Debug|x64.Build.0 = Debug|x64
		{55664B3B-674F-4DB5-AE57-5D05B6504443}.Debug|x86.ActiveCfg = Debug|Win32
		{55664B3B-674F-4DB5-AE57-5D05B6504443}.Debug|x86.Build.0 = Debug|Win32
		{55664B3B-674F-4DB5-AE57-5D05B6504443}.Release|x64.ActiveCfg = Release|x64
		{55664B3B-674F-4DB5-AE57-5D05B6504443}.Release|x64.Build.0 = Release|x64
		{55664B3B-674F-4DB5-AE57-5D05B6504443}.Release|x86.ActiveCfg = Release|Win32
		{55664B3B-674F-4DB5-AE57-5D05B6504443}.Release|x86.Build.0 = Release|Win32
		{301E3211-D7A2-41B0-9C4B-2BE38B7C50CB}.Debug|x64.ActiveCfg = Debug|x64
		{301E3211-D7A2-41B0-9C4B-2BE38B7C50CB}.Debug|x64.Build.0 = Debug|x64
		{301E3211-D7A2-41B0-9C4B-2BE38B7C50CB}.Debug|x86.ActiveCfg = Debug|Win32
		{301E3211-D7A2-41B0-9C4B-2BE38B7C50CB}.Debug|x86.Build.0 = Debug|Win32
		{301E3211-D7A2-41B0-9C4B-2BE38B7C50CB}.Release|x64.ActiveCfg = Release|x64
		{301E3211-D7A2-41B0-9C4B-2BE38B7C50CB}.Release|x64.Build.0 = Release|x64
		{301E3211-D7A2-41B0-9C4B-2BE38B7C50CB}.Release|x86.ActiveCfg = Release|Win32
		{301E3211-D7A2-41B0-9C4B-2BE38B7C50CB}.Release|x86.Build.0 = Release|Win32
	EndGlobalSection
	GlobalSection(SolutionProperties) = preSolution
		HideSolutionNode = FALSE
	EndGlobalSection
	GlobalSection(NestedProjects) = preSolution
		{0EA44AE8-56A0-402B-853E-A859ABEDEF70} = {F5F2283E-DCAF-45B2-8368-96DB24E4CA75}
		{18B34292-145C-48A2-A023-C1ADE630FFFB} = {F5F2283E-DCAF-45B2-8368-96DB24E4CA75}
		{DBD4690C-2AB9-4291-85ED-1691AD626BA3} = {F5F2283E-DCAF-45B2-8368-96DB24E4CA75}
		{322E5D56-6455-44CD-A783-542E1B0A192B} = {F5F2283E-DCAF-45B2-8368-96DB24E4CA75}
		{FDFF491C-7808-411A-A842-3FDA5BF07A9A} = {987D4799-024A-46DF-9776-9155758ADB40}
		{91495839-3B95-46A5-AB6E-B8D135059188} = {987D4799-024A-46DF-9776-9155758ADB40}
		{0E771A40-7737-408F-A484-EA3FDB9C9DB3} = {987D4799-024A-46DF-9776-9155758ADB40}
		{79B21077-0E2B-4A37-ABF4-D9933D75FDD1} = {987D4799-024A-46DF-9776-9155758ADB40}
		{1265F4CA-597C-4984-B5F2-BDC3E5B8FC3B} = {785C7AFC-1F9A-418D-BCF2-91E0B5DFADC5}
	EndGlobalSection
	GlobalSection(ExtensibilityGlobals) = postSolution
		SolutionGuid = {3D368A2A-1020-42BE-8604-C3041FC3B508}
	EndGlobalSection
EndGlobal
