
Microsoft Visual Studio Solution File, Format Version 12.00
# Visual Studio 15
VisualStudioVersion = 15.0.28307.168
MinimumVisualStudioVersion = 10.0.40219.1
Project("{8BC9CEB8-8B4A-11D0-8D11-00A0C91BC942}") = "Scratch1", "Scratch1\Scratch1.vcxproj", "{84B12321-45BF-4C29-9FC7-57F131FF02DC}"
EndProject
Project("{8BC9CEB8-8B4A-11D0-8D11-00A0C91BC942}") = "test23", "test23\test23.vcxproj", "{F9DC7905-D00A-4C58-8909-6FEFAC1146B7}"
EndProject
Project("{8BC9CEB8-8B4A-11D0-8D11-00A0C91BC942}") = "test21", "test21\test21.vcxproj", "{E7F41278-EA63-4C8C-896C-3CC68F9C3F0A}"
EndProject
Project("{8BC9CEB8-8B4A-11D0-8D11-00A0C91BC942}") = "test22", "test22\test22.vcxproj", "{E795C021-F44F-466C-9F9B-377D253D17FF}"
EndProject
Project("{8BC9CEB8-8B4A-11D0-8D11-00A0C91BC942}") = "UTF", "UTF\UTF.vcxproj", "{EBA16258-1ACF-4739-AEC1-B8D0041D0773}"
EndProject
Project("{8BC9CEB8-8B4A-11D0-8D11-00A0C91BC942}") = "Interval", "test24\test24.vcxproj", "{FC63D288-1292-48E2-83FC-FA082C170779}"
EndProject
Project("{8BC9CEB8-8B4A-11D0-8D11-00A0C91BC942}") = "accu_flt", "accu_flt\accu_flt.vcxproj", "{F4A87ED3-0DD8-4489-BF6F-E8D78871D7C9}"
EndProject
Project("{8BC9CEB8-8B4A-11D0-8D11-00A0C91BC942}") = "Polymorphy1", "Polymorphy1\Polymorphy1.vcxproj", "{19A3F9BC-17D6-4D2E-89C6-180E3A20B5F2}"
EndProject
Project("{8BC9CEB8-8B4A-11D0-8D11-00A0C91BC942}") = "accu_II", "accu_II\accu_II.vcxproj", "{A50E507B-A564-4664-B712-FB90867CA1E4}"
EndProject
Project("{8BC9CEB8-8B4A-11D0-8D11-00A0C91BC942}") = "geo1", "geo1\geo1.vcxproj", "{9C4D7DE6-59C9-4256-B76B-0EBA3E4BF106}"
EndProject
Project("{8BC9CEB8-8B4A-11D0-8D11-00A0C91BC942}") = "scratch", "scratch\scratch.vcxproj", "{F945D4E9-EC9B-4B91-84FB-9172015C0E42}"
EndProject
Project("{8BC9CEB8-8B4A-11D0-8D11-00A0C91BC942}") = "filter", "filter\filter.vcxproj", "{08E3173E-B84B-4747-942D-7ABD0310259A}"
EndProject
Project("{2150E333-8FDC-42A3-9474-1A3956D46DE8}") = "filter_tut", "filter_tut", "{F5F2283E-DCAF-45B2-8368-96DB24E4CA75}"
	ProjectSection(SolutionItems) = preProject
		filter_tut\container_traits.h = filter_tut\container_traits.h
	EndProjectSection
EndProject
Project("{8BC9CEB8-8B4A-11D0-8D11-00A0C91BC942}") = "tut0", "filter_tut\tut0\tut0.vcxproj", "{0EA44AE8-56A0-402B-853E-A859ABEDEF70}"
EndProject
Project("{8BC9CEB8-8B4A-11D0-8D11-00A0C91BC942}") = "tut1", "filter_tut\tut1\tut1.vcxproj", "{18B34292-145C-48A2-A023-C1ADE630FFFB}"
EndProject
Project("{8BC9CEB8-8B4A-11D0-8D11-00A0C91BC942}") = "tut2", "filter_tut\tut2\tut2.vcxproj", "{DBD4690C-2AB9-4291-85ED-1691AD626BA3}"
EndProject
Project("{8BC9CEB8-8B4A-11D0-8D11-00A0C91BC942}") = "tut3", "filter_tut\tut3\tut3.vcxproj", "{322E5D56-6455-44CD-A783-542E1B0A192B}"
EndProject
Project("{8BC9CEB8-8B4A-11D0-8D11-00A0C91BC942}") = "iota++", "iota++\iota++.vcxproj", "{0FEC6AF2-B4CB-4C88-967E-61C92A142B9A}"
EndProject
Project("{8BC9CEB8-8B4A-11D0-8D11-00A0C91BC942}") = "heap_test", "heap_test\heap_test.vcxproj", "{9D48EDBE-5304-4E6A-A811-FAC9320031BD}"
EndProject
Project("{8BC9CEB8-8B4A-11D0-8D11-00A0C91BC942}") = "test25", "test25\test25.vcxproj", "{96A00D25-D428-43FE-8A4A-9D1CDBAF7203}"
EndProject
Project("{8BC9CEB8-8B4A-11D0-8D11-00A0C91BC942}") = "test26", "test26\test26.vcxproj", "{5C4F0D35-57DD-4A5B-A1B2-C3F6DF41EA1C}"
EndProject
Project("{2150E333-8FDC-42A3-9474-1A3956D46DE8}") = "priority", "priority", "{987D4799-024A-46DF-9776-9155758ADB40}"
EndProject
Project("{8BC9CEB8-8B4A-11D0-8D11-00A0C91BC942}") = "prio1", "prio1\prio1.vcxproj", "{FDFF491C-7808-411A-A842-3FDA5BF07A9A}"
EndProject
Project("{8BC9CEB8-8B4A-11D0-8D11-00A0C91BC942}") = "prio2", "prio2\prio2.vcxproj", "{91495839-3B95-46A5-AB6E-B8D135059188}"
EndProject
Project("{8BC9CEB8-8B4A-11D0-8D11-00A0C91BC942}") = "prio3", "prio3\prio3.vcxproj", "{0E771A40-7737-408F-A484-EA3FDB9C9DB3}"
EndProject
Project("{8BC9CEB8-8B4A-11D0-8D11-00A0C91BC942}") = "ConsoleApplication1", "ConsoleApplication1\ConsoleApplication1.vcxproj", "{CC2071B0-C6BE-4B3E-843E-2852F6CB31F0}"
EndProject
Project("{8BC9CEB8-8B4A-11D0-8D11-00A0C91BC942}") = "Qt1", "Qt1\Qt1.vcxproj", "{B12702AD-ABFB-343A-A199-8E24837244A3}"
EndProject
Project("{8BC9CEB8-8B4A-11D0-8D11-00A0C91BC942}") = "UniquePtr", "UniquePtr\UniquePtr.vcxproj", "{778E53D3-491A-4D10-A5D1-276F4EF60EFA}"
EndProject
Project("{8BC9CEB8-8B4A-11D0-8D11-00A0C91BC942}") = "spaceshipsim", "spaceshipsim\spaceshipsim.vcxproj", "{9BAEE40E-A1EB-4D3C-977C-D39CF7D63844}"
EndProject
Project("{8BC9CEB8-8B4A-11D0-8D11-00A0C91BC942}") = "prio4", "prio4\prio4.vcxproj", "{79B21077-0E2B-4A37-ABF4-D9933D75FDD1}"
EndProject
Global
	GlobalSection(SolutionConfigurationPlatforms) = preSolution
		Debug|x64 = Debug|x64
		Debug|x86 = Debug|x86
		Release|x64 = Release|x64
		Release|x86 = Release|x86
	EndGlobalSection
	GlobalSection(ProjectConfigurationPlatforms) = postSolution
		{84B12321-45BF-4C29-9FC7-57F131FF02DC}.Debug|x64.ActiveCfg = Debug|x64
		{84B12321-45BF-4C29-9FC7-57F131FF02DC}.Debug|x64.Build.0 = Debug|x64
		{84B12321-45BF-4C29-9FC7-57F131FF02DC}.Debug|x86.ActiveCfg = Debug|Win32
		{84B12321-45BF-4C29-9FC7-57F131FF02DC}.Debug|x86.Build.0 = Debug|Win32
		{84B12321-45BF-4C29-9FC7-57F131FF02DC}.Release|x64.ActiveCfg = Release|x64
		{84B12321-45BF-4C29-9FC7-57F131FF02DC}.Release|x64.Build.0 = Release|x64
		{84B12321-45BF-4C29-9FC7-57F131FF02DC}.Release|x86.ActiveCfg = Release|Win32
		{84B12321-45BF-4C29-9FC7-57F131FF02DC}.Release|x86.Build.0 = Release|Win32
		{F9DC7905-D00A-4C58-8909-6FEFAC1146B7}.Debug|x64.ActiveCfg = Debug|x64
		{F9DC7905-D00A-4C58-8909-6FEFAC1146B7}.Debug|x64.Build.0 = Debug|x64
		{F9DC7905-D00A-4C58-8909-6FEFAC1146B7}.Debug|x86.ActiveCfg = Debug|Win32
		{F9DC7905-D00A-4C58-8909-6FEFAC1146B7}.Debug|x86.Build.0 = Debug|Win32
		{F9DC7905-D00A-4C58-8909-6FEFAC1146B7}.Release|x64.ActiveCfg = Release|x64
		{F9DC7905-D00A-4C58-8909-6FEFAC1146B7}.Release|x64.Build.0 = Release|x64
		{F9DC7905-D00A-4C58-8909-6FEFAC1146B7}.Release|x86.ActiveCfg = Release|Win32
		{F9DC7905-D00A-4C58-8909-6FEFAC1146B7}.Release|x86.Build.0 = Release|Win32
		{E7F41278-EA63-4C8C-896C-3CC68F9C3F0A}.Debug|x64.ActiveCfg = Debug|x64
		{E7F41278-EA63-4C8C-896C-3CC68F9C3F0A}.Debug|x64.Build.0 = Debug|x64
		{E7F41278-EA63-4C8C-896C-3CC68F9C3F0A}.Debug|x86.ActiveCfg = Debug|Win32
		{E7F41278-EA63-4C8C-896C-3CC68F9C3F0A}.Debug|x86.Build.0 = Debug|Win32
		{E7F41278-EA63-4C8C-896C-3CC68F9C3F0A}.Release|x64.ActiveCfg = Release|x64
		{E7F41278-EA63-4C8C-896C-3CC68F9C3F0A}.Release|x64.Build.0 = Release|x64
		{E7F41278-EA63-4C8C-896C-3CC68F9C3F0A}.Release|x86.ActiveCfg = Release|Win32
		{E7F41278-EA63-4C8C-896C-3CC68F9C3F0A}.Release|x86.Build.0 = Release|Win32
		{E795C021-F44F-466C-9F9B-377D253D17FF}.Debug|x64.ActiveCfg = Debug|x64
		{E795C021-F44F-466C-9F9B-377D253D17FF}.Debug|x64.Build.0 = Debug|x64
		{E795C021-F44F-466C-9F9B-377D253D17FF}.Debug|x86.ActiveCfg = Debug|Win32
		{E795C021-F44F-466C-9F9B-377D253D17FF}.Debug|x86.Build.0 = Debug|Win32
		{E795C021-F44F-466C-9F9B-377D253D17FF}.Release|x64.ActiveCfg = Release|x64
		{E795C021-F44F-466C-9F9B-377D253D17FF}.Release|x64.Build.0 = Release|x64
		{E795C021-F44F-466C-9F9B-377D253D17FF}.Release|x86.ActiveCfg = Release|Win32
		{E795C021-F44F-466C-9F9B-377D253D17FF}.Release|x86.Build.0 = Release|Win32
		{EBA16258-1ACF-4739-AEC1-B8D0041D0773}.Debug|x64.ActiveCfg = Debug|x64
		{EBA16258-1ACF-4739-AEC1-B8D0041D0773}.Debug|x64.Build.0 = Debug|x64
		{EBA16258-1ACF-4739-AEC1-B8D0041D0773}.Debug|x86.ActiveCfg = Debug|Win32
		{EBA16258-1ACF-4739-AEC1-B8D0041D0773}.Debug|x86.Build.0 = Debug|Win32
		{EBA16258-1ACF-4739-AEC1-B8D0041D0773}.Release|x64.ActiveCfg = Release|x64
		{EBA16258-1ACF-4739-AEC1-B8D0041D0773}.Release|x64.Build.0 = Release|x64
		{EBA16258-1ACF-4739-AEC1-B8D0041D0773}.Release|x86.ActiveCfg = Release|Win32
		{EBA16258-1ACF-4739-AEC1-B8D0041D0773}.Release|x86.Build.0 = Release|Win32
		{FC63D288-1292-48E2-83FC-FA082C170779}.Debug|x64.ActiveCfg = Debug|x64
		{FC63D288-1292-48E2-83FC-FA082C170779}.Debug|x64.Build.0 = Debug|x64
		{FC63D288-1292-48E2-83FC-FA082C170779}.Debug|x86.ActiveCfg = Debug|Win32
		{FC63D288-1292-48E2-83FC-FA082C170779}.Debug|x86.Build.0 = Debug|Win32
		{FC63D288-1292-48E2-83FC-FA082C170779}.Release|x64.ActiveCfg = Release|x64
		{FC63D288-1292-48E2-83FC-FA082C170779}.Release|x64.Build.0 = Release|x64
		{FC63D288-1292-48E2-83FC-FA082C170779}.Release|x86.ActiveCfg = Release|Win32
		{FC63D288-1292-48E2-83FC-FA082C170779}.Release|x86.Build.0 = Release|Win32
		{F4A87ED3-0DD8-4489-BF6F-E8D78871D7C9}.Debug|x64.ActiveCfg = Debug|x64
		{F4A87ED3-0DD8-4489-BF6F-E8D78871D7C9}.Debug|x64.Build.0 = Debug|x64
		{F4A87ED3-0DD8-4489-BF6F-E8D78871D7C9}.Debug|x86.ActiveCfg = Debug|Win32
		{F4A87ED3-0DD8-4489-BF6F-E8D78871D7C9}.Debug|x86.Build.0 = Debug|Win32
		{F4A87ED3-0DD8-4489-BF6F-E8D78871D7C9}.Release|x64.ActiveCfg = Release|x64
		{F4A87ED3-0DD8-4489-BF6F-E8D78871D7C9}.Release|x64.Build.0 = Release|x64
		{F4A87ED3-0DD8-4489-BF6F-E8D78871D7C9}.Release|x86.ActiveCfg = Release|Win32
		{F4A87ED3-0DD8-4489-BF6F-E8D78871D7C9}.Release|x86.Build.0 = Release|Win32
		{19A3F9BC-17D6-4D2E-89C6-180E3A20B5F2}.Debug|x64.ActiveCfg = Debug|x64
		{19A3F9BC-17D6-4D2E-89C6-180E3A20B5F2}.Debug|x64.Build.0 = Debug|x64
		{19A3F9BC-17D6-4D2E-89C6-180E3A20B5F2}.Debug|x86.ActiveCfg = Debug|Win32
		{19A3F9BC-17D6-4D2E-89C6-180E3A20B5F2}.Debug|x86.Build.0 = Debug|Win32
		{19A3F9BC-17D6-4D2E-89C6-180E3A20B5F2}.Release|x64.ActiveCfg = Release|x64
		{19A3F9BC-17D6-4D2E-89C6-180E3A20B5F2}.Release|x64.Build.0 = Release|x64
		{19A3F9BC-17D6-4D2E-89C6-180E3A20B5F2}.Release|x86.ActiveCfg = Release|Win32
		{19A3F9BC-17D6-4D2E-89C6-180E3A20B5F2}.Release|x86.Build.0 = Release|Win32
		{A50E507B-A564-4664-B712-FB90867CA1E4}.Debug|x64.ActiveCfg = Debug|x64
		{A50E507B-A564-4664-B712-FB90867CA1E4}.Debug|x64.Build.0 = Debug|x64
		{A50E507B-A564-4664-B712-FB90867CA1E4}.Debug|x86.ActiveCfg = Debug|Win32
		{A50E507B-A564-4664-B712-FB90867CA1E4}.Debug|x86.Build.0 = Debug|Win32
		{A50E507B-A564-4664-B712-FB90867CA1E4}.Release|x64.ActiveCfg = Release|x64
		{A50E507B-A564-4664-B712-FB90867CA1E4}.Release|x64.Build.0 = Release|x64
		{A50E507B-A564-4664-B712-FB90867CA1E4}.Release|x86.ActiveCfg = Release|Win32
		{A50E507B-A564-4664-B712-FB90867CA1E4}.Release|x86.Build.0 = Release|Win32
		{9C4D7DE6-59C9-4256-B76B-0EBA3E4BF106}.Debug|x64.ActiveCfg = Debug|x64
		{9C4D7DE6-59C9-4256-B76B-0EBA3E4BF106}.Debug|x64.Build.0 = Debug|x64
		{9C4D7DE6-59C9-4256-B76B-0EBA3E4BF106}.Debug|x86.ActiveCfg = Debug|Win32
		{9C4D7DE6-59C9-4256-B76B-0EBA3E4BF106}.Debug|x86.Build.0 = Debug|Win32
		{9C4D7DE6-59C9-4256-B76B-0EBA3E4BF106}.Release|x64.ActiveCfg = Release|x64
		{9C4D7DE6-59C9-4256-B76B-0EBA3E4BF106}.Release|x64.Build.0 = Release|x64
		{9C4D7DE6-59C9-4256-B76B-0EBA3E4BF106}.Release|x86.ActiveCfg = Release|Win32
		{9C4D7DE6-59C9-4256-B76B-0EBA3E4BF106}.Release|x86.Build.0 = Release|Win32
		{F945D4E9-EC9B-4B91-84FB-9172015C0E42}.Debug|x64.ActiveCfg = Debug|x64
		{F945D4E9-EC9B-4B91-84FB-9172015C0E42}.Debug|x64.Build.0 = Debug|x64
		{F945D4E9-EC9B-4B91-84FB-9172015C0E42}.Debug|x86.ActiveCfg = Debug|Win32
		{F945D4E9-EC9B-4B91-84FB-9172015C0E42}.Debug|x86.Build.0 = Debug|Win32
		{F945D4E9-EC9B-4B91-84FB-9172015C0E42}.Release|x64.ActiveCfg = Release|x64
		{F945D4E9-EC9B-4B91-84FB-9172015C0E42}.Release|x64.Build.0 = Release|x64
		{F945D4E9-EC9B-4B91-84FB-9172015C0E42}.Release|x86.ActiveCfg = Release|Win32
		{F945D4E9-EC9B-4B91-84FB-9172015C0E42}.Release|x86.Build.0 = Release|Win32
		{08E3173E-B84B-4747-942D-7ABD0310259A}.Debug|x64.ActiveCfg = Debug|x64
		{08E3173E-B84B-4747-942D-7ABD0310259A}.Debug|x64.Build.0 = Debug|x64
		{08E3173E-B84B-4747-942D-7ABD0310259A}.Debug|x86.ActiveCfg = Debug|Win32
		{08E3173E-B84B-4747-942D-7ABD0310259A}.Debug|x86.Build.0 = Debug|Win32
		{08E3173E-B84B-4747-942D-7ABD0310259A}.Release|x64.ActiveCfg = Release|x64
		{08E3173E-B84B-4747-942D-7ABD0310259A}.Release|x64.Build.0 = Release|x64
		{08E3173E-B84B-4747-942D-7ABD0310259A}.Release|x86.ActiveCfg = Release|Win32
		{08E3173E-B84B-4747-942D-7ABD0310259A}.Release|x86.Build.0 = Release|Win32
		{0EA44AE8-56A0-402B-853E-A859ABEDEF70}.Debug|x64.ActiveCfg = Debug|x64
		{0EA44AE8-56A0-402B-853E-A859ABEDEF70}.Debug|x64.Build.0 = Debug|x64
		{0EA44AE8-56A0-402B-853E-A859ABEDEF70}.Debug|x86.ActiveCfg = Debug|Win32
		{0EA44AE8-56A0-402B-853E-A859ABEDEF70}.Debug|x86.Build.0 = Debug|Win32
		{0EA44AE8-56A0-402B-853E-A859ABEDEF70}.Release|x64.ActiveCfg = Release|x64
		{0EA44AE8-56A0-402B-853E-A859ABEDEF70}.Release|x64.Build.0 = Release|x64
		{0EA44AE8-56A0-402B-853E-A859ABEDEF70}.Release|x86.ActiveCfg = Release|Win32
		{0EA44AE8-56A0-402B-853E-A859ABEDEF70}.Release|x86.Build.0 = Release|Win32
		{18B34292-145C-48A2-A023-C1ADE630FFFB}.Debug|x64.ActiveCfg = Debug|x64
		{18B34292-145C-48A2-A023-C1ADE630FFFB}.Debug|x64.Build.0 = Debug|x64
		{18B34292-145C-48A2-A023-C1ADE630FFFB}.Debug|x86.ActiveCfg = Debug|Win32
		{18B34292-145C-48A2-A023-C1ADE630FFFB}.Debug|x86.Build.0 = Debug|Win32
		{18B34292-145C-48A2-A023-C1ADE630FFFB}.Release|x64.ActiveCfg = Release|x64
		{18B34292-145C-48A2-A023-C1ADE630FFFB}.Release|x64.Build.0 = Release|x64
		{18B34292-145C-48A2-A023-C1ADE630FFFB}.Release|x86.ActiveCfg = Release|Win32
		{18B34292-145C-48A2-A023-C1ADE630FFFB}.Release|x86.Build.0 = Release|Win32
		{DBD4690C-2AB9-4291-85ED-1691AD626BA3}.Debug|x64.ActiveCfg = Debug|x64
		{DBD4690C-2AB9-4291-85ED-1691AD626BA3}.Debug|x64.Build.0 = Debug|x64
		{DBD4690C-2AB9-4291-85ED-1691AD626BA3}.Debug|x86.ActiveCfg = Debug|Win32
		{DBD4690C-2AB9-4291-85ED-1691AD626BA3}.Debug|x86.Build.0 = Debug|Win32
		{DBD4690C-2AB9-4291-85ED-1691AD626BA3}.Release|x64.ActiveCfg = Release|x64
		{DBD4690C-2AB9-4291-85ED-1691AD626BA3}.Release|x64.Build.0 = Release|x64
		{DBD4690C-2AB9-4291-85ED-1691AD626BA3}.Release|x86.ActiveCfg = Release|Win32
		{DBD4690C-2AB9-4291-85ED-1691AD626BA3}.Release|x86.Build.0 = Release|Win32
		{322E5D56-6455-44CD-A783-542E1B0A192B}.Debug|x64.ActiveCfg = Debug|x64
		{322E5D56-6455-44CD-A783-542E1B0A192B}.Debug|x64.Build.0 = Debug|x64
		{322E5D56-6455-44CD-A783-542E1B0A192B}.Debug|x86.ActiveCfg = Debug|Win32
		{322E5D56-6455-44CD-A783-542E1B0A192B}.Debug|x86.Build.0 = Debug|Win32
		{322E5D56-6455-44CD-A783-542E1B0A192B}.Release|x64.ActiveCfg = Release|x64
		{322E5D56-6455-44CD-A783-542E1B0A192B}.Release|x64.Build.0 = Release|x64
		{322E5D56-6455-44CD-A783-542E1B0A192B}.Release|x86.ActiveCfg = Release|Win32
		{322E5D56-6455-44CD-A783-542E1B0A192B}.Release|x86.Build.0 = Release|Win32
		{0FEC6AF2-B4CB-4C88-967E-61C92A142B9A}.Debug|x64.ActiveCfg = Debug|x64
		{0FEC6AF2-B4CB-4C88-967E-61C92A142B9A}.Debug|x64.Build.0 = Debug|x64
		{0FEC6AF2-B4CB-4C88-967E-61C92A142B9A}.Debug|x86.ActiveCfg = Debug|Win32
		{0FEC6AF2-B4CB-4C88-967E-61C92A142B9A}.Debug|x86.Build.0 = Debug|Win32
		{0FEC6AF2-B4CB-4C88-967E-61C92A142B9A}.Release|x64.ActiveCfg = Release|x64
		{0FEC6AF2-B4CB-4C88-967E-61C92A142B9A}.Release|x64.Build.0 = Release|x64
		{0FEC6AF2-B4CB-4C88-967E-61C92A142B9A}.Release|x86.ActiveCfg = Release|Win32
		{0FEC6AF2-B4CB-4C88-967E-61C92A142B9A}.Release|x86.Build.0 = Release|Win32
		{9D48EDBE-5304-4E6A-A811-FAC9320031BD}.Debug|x64.ActiveCfg = Debug|x64
		{9D48EDBE-5304-4E6A-A811-FAC9320031BD}.Debug|x64.Build.0 = Debug|x64
		{9D48EDBE-5304-4E6A-A811-FAC9320031BD}.Debug|x86.ActiveCfg = Debug|Win32
		{9D48EDBE-5304-4E6A-A811-FAC9320031BD}.Debug|x86.Build.0 = Debug|Win32
		{9D48EDBE-5304-4E6A-A811-FAC9320031BD}.Release|x64.ActiveCfg = Release|x64
		{9D48EDBE-5304-4E6A-A811-FAC9320031BD}.Release|x64.Build.0 = Release|x64
		{9D48EDBE-5304-4E6A-A811-FAC9320031BD}.Release|x86.ActiveCfg = Release|Win32
		{9D48EDBE-5304-4E6A-A811-FAC9320031BD}.Release|x86.Build.0 = Release|Win32
		{96A00D25-D428-43FE-8A4A-9D1CDBAF7203}.Debug|x64.ActiveCfg = Debug|x64
		{96A00D25-D428-43FE-8A4A-9D1CDBAF7203}.Debug|x64.Build.0 = Debug|x64
		{96A00D25-D428-43FE-8A4A-9D1CDBAF7203}.Debug|x86.ActiveCfg = Debug|Win32
		{96A00D25-D428-43FE-8A4A-9D1CDBAF7203}.Debug|x86.Build.0 = Debug|Win32
		{96A00D25-D428-43FE-8A4A-9D1CDBAF7203}.Release|x64.ActiveCfg = Release|x64
		{96A00D25-D428-43FE-8A4A-9D1CDBAF7203}.Release|x64.Build.0 = Release|x64
		{96A00D25-D428-43FE-8A4A-9D1CDBAF7203}.Release|x86.ActiveCfg = Release|Win32
		{96A00D25-D428-43FE-8A4A-9D1CDBAF7203}.Release|x86.Build.0 = Release|Win32
		{5C4F0D35-57DD-4A5B-A1B2-C3F6DF41EA1C}.Debug|x64.ActiveCfg = Debug|x64
		{5C4F0D35-57DD-4A5B-A1B2-C3F6DF41EA1C}.Debug|x64.Build.0 = Debug|x64
		{5C4F0D35-57DD-4A5B-A1B2-C3F6DF41EA1C}.Debug|x86.ActiveCfg = Debug|Win32
		{5C4F0D35-57DD-4A5B-A1B2-C3F6DF41EA1C}.Debug|x86.Build.0 = Debug|Win32
		{5C4F0D35-57DD-4A5B-A1B2-C3F6DF41EA1C}.Release|x64.ActiveCfg = Release|x64
		{5C4F0D35-57DD-4A5B-A1B2-C3F6DF41EA1C}.Release|x64.Build.0 = Release|x64
		{5C4F0D35-57DD-4A5B-A1B2-C3F6DF41EA1C}.Release|x86.ActiveCfg = Release|Win32
		{5C4F0D35-57DD-4A5B-A1B2-C3F6DF41EA1C}.Release|x86.Build.0 = Release|Win32
		{FDFF491C-7808-411A-A842-3FDA5BF07A9A}.Debug|x64.ActiveCfg = Debug|x64
		{FDFF491C-7808-411A-A842-3FDA5BF07A9A}.Debug|x64.Build.0 = Debug|x64
		{FDFF491C-7808-411A-A842-3FDA5BF07A9A}.Debug|x86.ActiveCfg = Debug|Win32
		{FDFF491C-7808-411A-A842-3FDA5BF07A9A}.Debug|x86.Build.0 = Debug|Win32
		{FDFF491C-7808-411A-A842-3FDA5BF07A9A}.Release|x64.ActiveCfg = Release|x64
		{FDFF491C-7808-411A-A842-3FDA5BF07A9A}.Release|x64.Build.0 = Release|x64
		{FDFF491C-7808-411A-A842-3FDA5BF07A9A}.Release|x86.ActiveCfg = Release|Win32
		{FDFF491C-7808-411A-A842-3FDA5BF07A9A}.Release|x86.Build.0 = Release|Win32
		{91495839-3B95-46A5-AB6E-B8D135059188}.Debug|x64.ActiveCfg = Debug|x64
		{91495839-3B95-46A5-AB6E-B8D135059188}.Debug|x64.Build.0 = Debug|x64
		{91495839-3B95-46A5-AB6E-B8D135059188}.Debug|x86.ActiveCfg = Debug|Win32
		{91495839-3B95-46A5-AB6E-B8D135059188}.Debug|x86.Build.0 = Debug|Win32
		{91495839-3B95-46A5-AB6E-B8D135059188}.Release|x64.ActiveCfg = Release|x64
		{91495839-3B95-46A5-AB6E-B8D135059188}.Release|x64.Build.0 = Release|x64
		{91495839-3B95-46A5-AB6E-B8D135059188}.Release|x86.ActiveCfg = Release|Win32
		{91495839-3B95-46A5-AB6E-B8D135059188}.Release|x86.Build.0 = Release|Win32
		{0E771A40-7737-408F-A484-EA3FDB9C9DB3}.Debug|x64.ActiveCfg = Debug|x64
		{0E771A40-7737-408F-A484-EA3FDB9C9DB3}.Debug|x64.Build.0 = Debug|x64
		{0E771A40-7737-408F-A484-EA3FDB9C9DB3}.Debug|x86.ActiveCfg = Debug|Win32
		{0E771A40-7737-408F-A484-EA3FDB9C9DB3}.Debug|x86.Build.0 = Debug|Win32
		{0E771A40-7737-408F-A484-EA3FDB9C9DB3}.Release|x64.ActiveCfg = Release|x64
		{0E771A40-7737-408F-A484-EA3FDB9C9DB3}.Release|x64.Build.0 = Release|x64
		{0E771A40-7737-408F-A484-EA3FDB9C9DB3}.Release|x86.ActiveCfg = Release|Win32
		{0E771A40-7737-408F-A484-EA3FDB9C9DB3}.Release|x86.Build.0 = Release|Win32
		{CC2071B0-C6BE-4B3E-843E-2852F6CB31F0}.Debug|x64.ActiveCfg = Debug|x64
		{CC2071B0-C6BE-4B3E-843E-2852F6CB31F0}.Debug|x64.Build.0 = Debug|x64
		{CC2071B0-C6BE-4B3E-843E-2852F6CB31F0}.Debug|x86.ActiveCfg = Debug|Win32
		{CC2071B0-C6BE-4B3E-843E-2852F6CB31F0}.Debug|x86.Build.0 = Debug|Win32
		{CC2071B0-C6BE-4B3E-843E-2852F6CB31F0}.Release|x64.ActiveCfg = Release|x64
		{CC2071B0-C6BE-4B3E-843E-2852F6CB31F0}.Release|x64.Build.0 = Release|x64
		{CC2071B0-C6BE-4B3E-843E-2852F6CB31F0}.Release|x86.ActiveCfg = Release|Win32
		{CC2071B0-C6BE-4B3E-843E-2852F6CB31F0}.Release|x86.Build.0 = Release|Win32
		{B12702AD-ABFB-343A-A199-8E24837244A3}.Debug|x64.ActiveCfg = Debug|x64
		{B12702AD-ABFB-343A-A199-8E24837244A3}.Debug|x64.Build.0 = Debug|x64
		{B12702AD-ABFB-343A-A199-8E24837244A3}.Debug|x86.ActiveCfg = Debug|x64
		{B12702AD-ABFB-343A-A199-8E24837244A3}.Release|x64.ActiveCfg = Release|x64
		{B12702AD-ABFB-343A-A199-8E24837244A3}.Release|x64.Build.0 = Release|x64
		{B12702AD-ABFB-343A-A199-8E24837244A3}.Release|x86.ActiveCfg = Release|x64
		{778E53D3-491A-4D10-A5D1-276F4EF60EFA}.Debug|x64.ActiveCfg = Debug|x64
		{778E53D3-491A-4D10-A5D1-276F4EF60EFA}.Debug|x64.Build.0 = Debug|x64
		{778E53D3-491A-4D10-A5D1-276F4EF60EFA}.Debug|x86.ActiveCfg = Debug|Win32
		{778E53D3-491A-4D10-A5D1-276F4EF60EFA}.Debug|x86.Build.0 = Debug|Win32
		{778E53D3-491A-4D10-A5D1-276F4EF60EFA}.Release|x64.ActiveCfg = Release|x64
		{778E53D3-491A-4D10-A5D1-276F4EF60EFA}.Release|x64.Build.0 = Release|x64
		{778E53D3-491A-4D10-A5D1-276F4EF60EFA}.Release|x86.ActiveCfg = Release|Win32
		{778E53D3-491A-4D10-A5D1-276F4EF60EFA}.Release|x86.Build.0 = Release|Win32
		{9BAEE40E-A1EB-4D3C-977C-D39CF7D63844}.Debug|x64.ActiveCfg = Debug|x64
		{9BAEE40E-A1EB-4D3C-977C-D39CF7D63844}.Debug|x64.Build.0 = Debug|x64
		{9BAEE40E-A1EB-4D3C-977C-D39CF7D63844}.Debug|x86.ActiveCfg = Debug|Win32
		{9BAEE40E-A1EB-4D3C-977C-D39CF7D63844}.Debug|x86.Build.0 = Debug|Win32
		{9BAEE40E-A1EB-4D3C-977C-D39CF7D63844}.Release|x64.ActiveCfg = Release|x64
		{9BAEE40E-A1EB-4D3C-977C-D39CF7D63844}.Release|x64.Build.0 = Release|x64
		{9BAEE40E-A1EB-4D3C-977C-D39CF7D63844}.Release|x86.ActiveCfg = Release|Win32
		{9BAEE40E-A1EB-4D3C-977C-D39CF7D63844}.Release|x86.Build.0 = Release|Win32
		{79B21077-0E2B-4A37-ABF4-D9933D75FDD1}.Debug|x64.ActiveCfg = Debug|x64
		{79B21077-0E2B-4A37-ABF4-D9933D75FDD1}.Debug|x64.Build.0 = Debug|x64
		{79B21077-0E2B-4A37-ABF4-D9933D75FDD1}.Debug|x86.ActiveCfg = Debug|Win32
		{79B21077-0E2B-4A37-ABF4-D9933D75FDD1}.Debug|x86.Build.0 = Debug|Win32
		{79B21077-0E2B-4A37-ABF4-D9933D75FDD1}.Release|x64.ActiveCfg = Release|x64
		{79B21077-0E2B-4A37-ABF4-D9933D75FDD1}.Release|x64.Build.0 = Release|x64
		{79B21077-0E2B-4A37-ABF4-D9933D75FDD1}.Release|x86.ActiveCfg = Release|Win32
		{79B21077-0E2B-4A37-ABF4-D9933D75FDD1}.Release|x86.Build.0 = Release|Win32
	EndGlobalSection
	GlobalSection(SolutionProperties) = preSolution
		HideSolutionNode = FALSE
	EndGlobalSection
	GlobalSection(NestedProjects) = preSolution
		{0EA44AE8-56A0-402B-853E-A859ABEDEF70} = {F5F2283E-DCAF-45B2-8368-96DB24E4CA75}
		{18B34292-145C-48A2-A023-C1ADE630FFFB} = {F5F2283E-DCAF-45B2-8368-96DB24E4CA75}
		{DBD4690C-2AB9-4291-85ED-1691AD626BA3} = {F5F2283E-DCAF-45B2-8368-96DB24E4CA75}
		{322E5D56-6455-44CD-A783-542E1B0A192B} = {F5F2283E-DCAF-45B2-8368-96DB24E4CA75}
		{FDFF491C-7808-411A-A842-3FDA5BF07A9A} = {987D4799-024A-46DF-9776-9155758ADB40}
		{91495839-3B95-46A5-AB6E-B8D135059188} = {987D4799-024A-46DF-9776-9155758ADB40}
		{0E771A40-7737-408F-A484-EA3FDB9C9DB3} = {987D4799-024A-46DF-9776-9155758ADB40}
		{79B21077-0E2B-4A37-ABF4-D9933D75FDD1} = {987D4799-024A-46DF-9776-9155758ADB40}
	EndGlobalSection
	GlobalSection(ExtensibilityGlobals) = postSolution
		SolutionGuid = {3D368A2A-1020-42BE-8604-C3041FC3B508}
	EndGlobalSection
EndGlobal
